// !$*UTF8*$!
{
	archiveVersion = 1;
	classes = {
	};
	objectVersion = 51;
	objects = {

/* Begin PBXBuildFile section */
		09F8D59451428576367B7573 /* Pods_Lafeef.framework in Frameworks */ = {isa = PBXBuildFile; fileRef = B1B61265579B4C33852B7EE8 /* Pods_Lafeef.framework */; };
		41BD683E25BABD3B00257EA6 /* GoogleService-Info.plist in Resources */ = {isa = PBXBuildFile; fileRef = 41BD683D25BABD3B00257EA6 /* GoogleService-Info.plist */; };
		41BD684725BABF0800257EA6 /* SignUpEmailViewController.swift in Sources */ = {isa = PBXBuildFile; fileRef = 41BD684625BABF0800257EA6 /* SignUpEmailViewController.swift */; };
		41BD684C25BABFF100257EA6 /* SignUpDOBViewController.swift in Sources */ = {isa = PBXBuildFile; fileRef = 41BD684B25BABFF100257EA6 /* SignUpDOBViewController.swift */; };
		41BD685125BAC00700257EA6 /* SignUpCharachterViewController.swift in Sources */ = {isa = PBXBuildFile; fileRef = 41BD685025BAC00700257EA6 /* SignUpCharachterViewController.swift */; };
		41BD685625BAC01400257EA6 /* SignUpNameViewController.swift in Sources */ = {isa = PBXBuildFile; fileRef = 41BD685525BAC01400257EA6 /* SignUpNameViewController.swift */; };
		4E0ED73925CC71E500247B27 /* HomeView.storyboard in Resources */ = {isa = PBXBuildFile; fileRef = 4E0ED73825CC71E500247B27 /* HomeView.storyboard */; };
		4E453A4225B61D5100B8363F /* AppDelegate.swift in Sources */ = {isa = PBXBuildFile; fileRef = 4E453A4125B61D5100B8363F /* AppDelegate.swift */; };
		4E453A4425B61D5100B8363F /* GameScene.sks in Resources */ = {isa = PBXBuildFile; fileRef = 4E453A4325B61D5100B8363F /* GameScene.sks */; };
		4E453A4625B61D5100B8363F /* Actions.sks in Resources */ = {isa = PBXBuildFile; fileRef = 4E453A4525B61D5100B8363F /* Actions.sks */; };
		4E453A4825B61D5100B8363F /* GameScene.swift in Sources */ = {isa = PBXBuildFile; fileRef = 4E453A4725B61D5100B8363F /* GameScene.swift */; };
		4E453A4A25B61D5100B8363F /* GameViewController.swift in Sources */ = {isa = PBXBuildFile; fileRef = 4E453A4925B61D5100B8363F /* GameViewController.swift */; };
		4E453A4D25B61D5100B8363F /* Main.storyboard in Resources */ = {isa = PBXBuildFile; fileRef = 4E453A4B25B61D5100B8363F /* Main.storyboard */; };
		4E453A4F25B61D5400B8363F /* Assets.xcassets in Resources */ = {isa = PBXBuildFile; fileRef = 4E453A4E25B61D5400B8363F /* Assets.xcassets */; };
		4E453A5A25B61D5500B8363F /* LafeefTests.swift in Sources */ = {isa = PBXBuildFile; fileRef = 4E453A5925B61D5500B8363F /* LafeefTests.swift */; };
		4E453A6525B61D5500B8363F /* LafeefUITests.swift in Sources */ = {isa = PBXBuildFile; fileRef = 4E453A6425B61D5500B8363F /* LafeefUITests.swift */; };
		4E7DECBB25CDB9FA00D50362 /* splash-animation.gif in Resources */ = {isa = PBXBuildFile; fileRef = 4E7DECBA25CDB9FA00D50362 /* splash-animation.gif */; };
		4E7DECC425CDDF9600D50362 /* Challenge.storyboard in Resources */ = {isa = PBXBuildFile; fileRef = 4E7DECC225CDDF9600D50362 /* Challenge.storyboard */; };
		4E7DECC925CDDFBF00D50362 /* Training.storyboard in Resources */ = {isa = PBXBuildFile; fileRef = 4E7DECC825CDDFBF00D50362 /* Training.storyboard */; };
		4EB21B7C25CF768F0076530E /* ProgressBar.swift in Sources */ = {isa = PBXBuildFile; fileRef = 4EB21B7B25CF768F0076530E /* ProgressBar.swift */; };
		4EB21B8A25D2F37D0076530E /* DailyAdvReports.storyboard in Resources */ = {isa = PBXBuildFile; fileRef = 4EB21B8925D2F37D0076530E /* DailyAdvReports.storyboard */; };
		4EB21B9525D2FC660076530E /* DailyReportViewController.swift in Sources */ = {isa = PBXBuildFile; fileRef = 4EB21B9425D2FC660076530E /* DailyReportViewController.swift */; };
		4EB976EA25CAD83900518EF9 /* instruction.swift in Sources */ = {isa = PBXBuildFile; fileRef = 4EB976E825CAD83800518EF9 /* instruction.swift */; };
		4EB976EB25CAD83900518EF9 /* AlertService.swift in Sources */ = {isa = PBXBuildFile; fileRef = 4EB976E925CAD83900518EF9 /* AlertService.swift */; };
		4EB976F125CAD84B00518EF9 /* InstructionViewController.swift in Sources */ = {isa = PBXBuildFile; fileRef = 4EB976EF25CAD84900518EF9 /* InstructionViewController.swift */; };
		4EB976F225CAD84B00518EF9 /* AlertViewController.swift in Sources */ = {isa = PBXBuildFile; fileRef = 4EB976F025CAD84B00518EF9 /* AlertViewController.swift */; };
		4EC6D37325C213B800A15A9D /* FFHekaya-Light.otf in Resources */ = {isa = PBXBuildFile; fileRef = 4144583D25C0F3D9000EE8F0 /* FFHekaya-Light.otf */; };
		4EC6D37D25C2338400A15A9D /* FFHekaya-Light.otf in Resources */ = {isa = PBXBuildFile; fileRef = 4144583D25C0F3D9000EE8F0 /* FFHekaya-Light.otf */; };
		4EC6D38125C2338400A15A9D /* FFHekaya-Light.otf in Resources */ = {isa = PBXBuildFile; fileRef = 4144583D25C0F3D9000EE8F0 /* FFHekaya-Light.otf */; };
		4EC6D39125C2402C00A15A9D /* Launch Screen.storyboard in Resources */ = {isa = PBXBuildFile; fileRef = 4EC6D39025C2402B00A15A9D /* Launch Screen.storyboard */; };
		4EDCA23E25C63A8100C29464 /* SplashAnimationView.swift in Sources */ = {isa = PBXBuildFile; fileRef = 4EDCA23D25C63A8100C29464 /* SplashAnimationView.swift */; };
		4EEDE10B25BCFBCB00CA7B9A /* UIView+String.swift in Sources */ = {isa = PBXBuildFile; fileRef = 4EEDE10A25BCFBCB00CA7B9A /* UIView+String.swift */; };
		523A362625BF56B40059C0BC /* ProfileViewController.swift in Sources */ = {isa = PBXBuildFile; fileRef = 523A362525BF56B40059C0BC /* ProfileViewController.swift */; };
		8561D8E2E6CFFD799CD68CC7 /* Pods_LafeefTests.framework in Frameworks */ = {isa = PBXBuildFile; fileRef = 0554BA4951BACB4B292657DC /* Pods_LafeefTests.framework */; };
		C2082889EBD56239C02CB2D3 /* Pods_Lafeef_LafeefUITests.framework in Frameworks */ = {isa = PBXBuildFile; fileRef = DD4704DACE68D98C70B7CF71 /* Pods_Lafeef_LafeefUITests.framework */; };
		C92A659025CB3F480060AA53 /* ChallengeLevelsViewController.swift in Sources */ = {isa = PBXBuildFile; fileRef = C92A658F25CB3F470060AA53 /* ChallengeLevelsViewController.swift */; };
		C92A659525CB3F4F0060AA53 /* HomeViewController.swift in Sources */ = {isa = PBXBuildFile; fileRef = C92A659425CB3F4F0060AA53 /* HomeViewController.swift */; };
		C92A659C25CB3F5E0060AA53 /* SignUpOrLoginViewController.swift in Sources */ = {isa = PBXBuildFile; fileRef = C92A659B25CB3F5E0060AA53 /* SignUpOrLoginViewController.swift */; };
		C92A65A125CB3F660060AA53 /* StoreViewController.swift in Sources */ = {isa = PBXBuildFile; fileRef = C92A65A025CB3F660060AA53 /* StoreViewController.swift */; };
		C92A65A625CB3F6D0060AA53 /* TrainigViewController.swift in Sources */ = {isa = PBXBuildFile; fileRef = C92A65A525CB3F6D0060AA53 /* TrainigViewController.swift */; };
		C92A65AF25CB3FA00060AA53 /* Utilities.swift in Sources */ = {isa = PBXBuildFile; fileRef = C92A65AC25CB3FA00060AA53 /* Utilities.swift */; };
		C92A65B025CB3FA00060AA53 /* Shapes.swift in Sources */ = {isa = PBXBuildFile; fileRef = C92A65AD25CB3FA00060AA53 /* Shapes.swift */; };
		C92A65B525CB3FC20060AA53 /* Color.xcassets in Resources */ = {isa = PBXBuildFile; fileRef = C92A65B425CB3FC20060AA53 /* Color.xcassets */; };
		C92A65BA25CB3FFB0060AA53 /* FirebaseRequests.swift in Sources */ = {isa = PBXBuildFile; fileRef = C92A65B925CB3FFB0060AA53 /* FirebaseRequests.swift */; };
		C92A65E125CB43DB0060AA53 /* Child.swift in Sources */ = {isa = PBXBuildFile; fileRef = C92A65E025CB43DB0060AA53 /* Child.swift */; };
		C92A65E925CB44050060AA53 /* Constants.swift in Sources */ = {isa = PBXBuildFile; fileRef = C92A65E825CB44050060AA53 /* Constants.swift */; };
		C92A66F925CE91160060AA53 /* User.swift in Sources */ = {isa = PBXBuildFile; fileRef = C92A66F825CE91160060AA53 /* User.swift */; };
		C92A66FE25CE91FC0060AA53 /* LocalStorageManager.swift in Sources */ = {isa = PBXBuildFile; fileRef = C92A66FD25CE91FC0060AA53 /* LocalStorageManager.swift */; };
		C92A670625CEA0320060AA53 /* SceneDelegate.swift in Sources */ = {isa = PBXBuildFile; fileRef = C92A670525CEA0310060AA53 /* SceneDelegate.swift */; };
		C961FA7B25CEEC5800D5A473 /* AnimatedSplashViewController.swift in Sources */ = {isa = PBXBuildFile; fileRef = C961FA7A25CEEC5800D5A473 /* AnimatedSplashViewController.swift */; };
		C9F4B17425BDE90500ADDA6F /* LoginViewController.swift in Sources */ = {isa = PBXBuildFile; fileRef = C9F4B17325BDE90500ADDA6F /* LoginViewController.swift */; };
/* End PBXBuildFile section */

/* Begin PBXContainerItemProxy section */
		4E453A5625B61D5500B8363F /* PBXContainerItemProxy */ = {
			isa = PBXContainerItemProxy;
			containerPortal = 4E453A3625B61D5000B8363F /* Project object */;
			proxyType = 1;
			remoteGlobalIDString = 4E453A3D25B61D5000B8363F;
			remoteInfo = Lafeef;
		};
		4E453A6125B61D5500B8363F /* PBXContainerItemProxy */ = {
			isa = PBXContainerItemProxy;
			containerPortal = 4E453A3625B61D5000B8363F /* Project object */;
			proxyType = 1;
			remoteGlobalIDString = 4E453A3D25B61D5000B8363F;
			remoteInfo = Lafeef;
		};
/* End PBXContainerItemProxy section */

/* Begin PBXFileReference section */
		0012A2D5C7CABC6C1AE985E3 /* Pods-Lafeef.debug.xcconfig */ = {isa = PBXFileReference; includeInIndex = 1; lastKnownFileType = text.xcconfig; name = "Pods-Lafeef.debug.xcconfig"; path = "Target Support Files/Pods-Lafeef/Pods-Lafeef.debug.xcconfig"; sourceTree = "<group>"; };
		0554BA4951BACB4B292657DC /* Pods_LafeefTests.framework */ = {isa = PBXFileReference; explicitFileType = wrapper.framework; includeInIndex = 0; path = Pods_LafeefTests.framework; sourceTree = BUILT_PRODUCTS_DIR; };
		3FD9BE7C1DE628BE933DA62B /* Pods-LafeefTests.release.xcconfig */ = {isa = PBXFileReference; includeInIndex = 1; lastKnownFileType = text.xcconfig; name = "Pods-LafeefTests.release.xcconfig"; path = "Target Support Files/Pods-LafeefTests/Pods-LafeefTests.release.xcconfig"; sourceTree = "<group>"; };
		4144583D25C0F3D9000EE8F0 /* FFHekaya-Light.otf */ = {isa = PBXFileReference; lastKnownFileType = file; name = "FFHekaya-Light.otf"; path = "../../../Downloads/ff-hekaya-dd2833a0ea-2/ArbFonts.com-(4)/FFHekaya-Light.otf"; sourceTree = "<group>"; };
		41BD683D25BABD3B00257EA6 /* GoogleService-Info.plist */ = {isa = PBXFileReference; fileEncoding = 4; lastKnownFileType = text.plist.xml; path = "GoogleService-Info.plist"; sourceTree = "<group>"; };
		41BD684625BABF0800257EA6 /* SignUpEmailViewController.swift */ = {isa = PBXFileReference; lastKnownFileType = sourcecode.swift; path = SignUpEmailViewController.swift; sourceTree = "<group>"; };
		41BD684B25BABFF100257EA6 /* SignUpDOBViewController.swift */ = {isa = PBXFileReference; lastKnownFileType = sourcecode.swift; path = SignUpDOBViewController.swift; sourceTree = "<group>"; };
		41BD685025BAC00700257EA6 /* SignUpCharachterViewController.swift */ = {isa = PBXFileReference; lastKnownFileType = sourcecode.swift; path = SignUpCharachterViewController.swift; sourceTree = "<group>"; };
		41BD685525BAC01400257EA6 /* SignUpNameViewController.swift */ = {isa = PBXFileReference; lastKnownFileType = sourcecode.swift; path = SignUpNameViewController.swift; sourceTree = "<group>"; };
		4E0ED73825CC71E500247B27 /* HomeView.storyboard */ = {isa = PBXFileReference; fileEncoding = 4; lastKnownFileType = file.storyboard; path = HomeView.storyboard; sourceTree = SOURCE_ROOT; };
		4E453A3E25B61D5100B8363F /* Lafeef.app */ = {isa = PBXFileReference; explicitFileType = wrapper.application; includeInIndex = 0; path = Lafeef.app; sourceTree = BUILT_PRODUCTS_DIR; };
		4E453A4125B61D5100B8363F /* AppDelegate.swift */ = {isa = PBXFileReference; lastKnownFileType = sourcecode.swift; path = AppDelegate.swift; sourceTree = "<group>"; };
		4E453A4325B61D5100B8363F /* GameScene.sks */ = {isa = PBXFileReference; lastKnownFileType = file.sks; path = GameScene.sks; sourceTree = "<group>"; };
		4E453A4525B61D5100B8363F /* Actions.sks */ = {isa = PBXFileReference; lastKnownFileType = file.sks; path = Actions.sks; sourceTree = "<group>"; };
		4E453A4725B61D5100B8363F /* GameScene.swift */ = {isa = PBXFileReference; lastKnownFileType = sourcecode.swift; path = GameScene.swift; sourceTree = "<group>"; };
		4E453A4925B61D5100B8363F /* GameViewController.swift */ = {isa = PBXFileReference; lastKnownFileType = sourcecode.swift; path = GameViewController.swift; sourceTree = "<group>"; };
		4E453A4C25B61D5100B8363F /* Base */ = {isa = PBXFileReference; lastKnownFileType = file.storyboard; name = Base; path = Base.lproj/Main.storyboard; sourceTree = "<group>"; };
		4E453A4E25B61D5400B8363F /* Assets.xcassets */ = {isa = PBXFileReference; lastKnownFileType = folder.assetcatalog; path = Assets.xcassets; sourceTree = "<group>"; };
		4E453A5025B61D5400B8363F /* Info.plist */ = {isa = PBXFileReference; lastKnownFileType = text.plist.xml; path = Info.plist; sourceTree = "<group>"; };
		4E453A5525B61D5500B8363F /* LafeefTests.xctest */ = {isa = PBXFileReference; explicitFileType = wrapper.cfbundle; includeInIndex = 0; path = LafeefTests.xctest; sourceTree = BUILT_PRODUCTS_DIR; };
		4E453A5925B61D5500B8363F /* LafeefTests.swift */ = {isa = PBXFileReference; lastKnownFileType = sourcecode.swift; path = LafeefTests.swift; sourceTree = "<group>"; };
		4E453A5B25B61D5500B8363F /* Info.plist */ = {isa = PBXFileReference; lastKnownFileType = text.plist.xml; path = Info.plist; sourceTree = "<group>"; };
		4E453A6025B61D5500B8363F /* LafeefUITests.xctest */ = {isa = PBXFileReference; explicitFileType = wrapper.cfbundle; includeInIndex = 0; path = LafeefUITests.xctest; sourceTree = BUILT_PRODUCTS_DIR; };
		4E453A6425B61D5500B8363F /* LafeefUITests.swift */ = {isa = PBXFileReference; lastKnownFileType = sourcecode.swift; path = LafeefUITests.swift; sourceTree = "<group>"; };
		4E453A6625B61D5500B8363F /* Info.plist */ = {isa = PBXFileReference; lastKnownFileType = text.plist.xml; path = Info.plist; sourceTree = "<group>"; };
		4E7DECBA25CDB9FA00D50362 /* splash-animation.gif */ = {isa = PBXFileReference; lastKnownFileType = image.gif; path = "splash-animation.gif"; sourceTree = "<group>"; };
		4E7DECC325CDDF9600D50362 /* Base */ = {isa = PBXFileReference; lastKnownFileType = file.storyboard; name = Base; path = Base.lproj/Challenge.storyboard; sourceTree = "<group>"; };
		4E7DECC825CDDFBF00D50362 /* Training.storyboard */ = {isa = PBXFileReference; fileEncoding = 4; lastKnownFileType = file.storyboard; path = Training.storyboard; sourceTree = SOURCE_ROOT; };
		4EB21B7B25CF768F0076530E /* ProgressBar.swift */ = {isa = PBXFileReference; lastKnownFileType = sourcecode.swift; path = ProgressBar.swift; sourceTree = "<group>"; };
		4EB21B8925D2F37D0076530E /* DailyAdvReports.storyboard */ = {isa = PBXFileReference; lastKnownFileType = file.storyboard; path = DailyAdvReports.storyboard; sourceTree = "<group>"; };
		4EB21B9425D2FC660076530E /* DailyReportViewController.swift */ = {isa = PBXFileReference; lastKnownFileType = sourcecode.swift; path = DailyReportViewController.swift; sourceTree = "<group>"; };
		4EB976E825CAD83800518EF9 /* instruction.swift */ = {isa = PBXFileReference; fileEncoding = 4; lastKnownFileType = sourcecode.swift; path = instruction.swift; sourceTree = "<group>"; };
		4EB976E925CAD83900518EF9 /* AlertService.swift */ = {isa = PBXFileReference; fileEncoding = 4; lastKnownFileType = sourcecode.swift; path = AlertService.swift; sourceTree = "<group>"; };
		4EB976EF25CAD84900518EF9 /* InstructionViewController.swift */ = {isa = PBXFileReference; fileEncoding = 4; lastKnownFileType = sourcecode.swift; path = InstructionViewController.swift; sourceTree = "<group>"; };
		4EB976F025CAD84B00518EF9 /* AlertViewController.swift */ = {isa = PBXFileReference; fileEncoding = 4; lastKnownFileType = sourcecode.swift; path = AlertViewController.swift; sourceTree = "<group>"; };
		4EC6D39025C2402B00A15A9D /* Launch Screen.storyboard */ = {isa = PBXFileReference; lastKnownFileType = file.storyboard; path = "Launch Screen.storyboard"; sourceTree = "<group>"; };
		4EDCA23D25C63A8100C29464 /* SplashAnimationView.swift */ = {isa = PBXFileReference; lastKnownFileType = sourcecode.swift; path = SplashAnimationView.swift; sourceTree = "<group>"; };
		4EEDE10A25BCFBCB00CA7B9A /* UIView+String.swift */ = {isa = PBXFileReference; lastKnownFileType = sourcecode.swift; path = "UIView+String.swift"; sourceTree = "<group>"; };
		523A362525BF56B40059C0BC /* ProfileViewController.swift */ = {isa = PBXFileReference; lastKnownFileType = sourcecode.swift; path = ProfileViewController.swift; sourceTree = "<group>"; };
		B1B61265579B4C33852B7EE8 /* Pods_Lafeef.framework */ = {isa = PBXFileReference; explicitFileType = wrapper.framework; includeInIndex = 0; path = Pods_Lafeef.framework; sourceTree = BUILT_PRODUCTS_DIR; };
		C92A658F25CB3F470060AA53 /* ChallengeLevelsViewController.swift */ = {isa = PBXFileReference; fileEncoding = 4; lastKnownFileType = sourcecode.swift; name = ChallengeLevelsViewController.swift; path = Lafeef/ViewController/ChallengeLevelsViewController.swift; sourceTree = SOURCE_ROOT; };
		C92A659425CB3F4F0060AA53 /* HomeViewController.swift */ = {isa = PBXFileReference; fileEncoding = 4; lastKnownFileType = sourcecode.swift; name = HomeViewController.swift; path = Lafeef/ViewController/HomeViewController.swift; sourceTree = SOURCE_ROOT; };
		C92A659B25CB3F5E0060AA53 /* SignUpOrLoginViewController.swift */ = {isa = PBXFileReference; fileEncoding = 4; lastKnownFileType = sourcecode.swift; name = SignUpOrLoginViewController.swift; path = Lafeef/ViewController/SignUpOrLoginViewController.swift; sourceTree = SOURCE_ROOT; };
		C92A65A025CB3F660060AA53 /* StoreViewController.swift */ = {isa = PBXFileReference; fileEncoding = 4; lastKnownFileType = sourcecode.swift; name = StoreViewController.swift; path = Lafeef/ViewController/StoreViewController.swift; sourceTree = SOURCE_ROOT; };
		C92A65A525CB3F6D0060AA53 /* TrainigViewController.swift */ = {isa = PBXFileReference; fileEncoding = 4; lastKnownFileType = sourcecode.swift; name = TrainigViewController.swift; path = Lafeef/ViewController/TrainigViewController.swift; sourceTree = SOURCE_ROOT; };
		C92A65AC25CB3FA00060AA53 /* Utilities.swift */ = {isa = PBXFileReference; fileEncoding = 4; lastKnownFileType = sourcecode.swift; path = Utilities.swift; sourceTree = "<group>"; };
		C92A65AD25CB3FA00060AA53 /* Shapes.swift */ = {isa = PBXFileReference; fileEncoding = 4; lastKnownFileType = sourcecode.swift; path = Shapes.swift; sourceTree = "<group>"; };
		C92A65B425CB3FC20060AA53 /* Color.xcassets */ = {isa = PBXFileReference; lastKnownFileType = folder.assetcatalog; name = Color.xcassets; path = Lafeef/Color.xcassets; sourceTree = "<group>"; };
		C92A65B925CB3FFB0060AA53 /* FirebaseRequests.swift */ = {isa = PBXFileReference; fileEncoding = 4; lastKnownFileType = sourcecode.swift; path = FirebaseRequests.swift; sourceTree = "<group>"; };
		C92A65E025CB43DB0060AA53 /* Child.swift */ = {isa = PBXFileReference; lastKnownFileType = sourcecode.swift; path = Child.swift; sourceTree = "<group>"; };
		C92A65E825CB44050060AA53 /* Constants.swift */ = {isa = PBXFileReference; lastKnownFileType = sourcecode.swift; path = Constants.swift; sourceTree = "<group>"; };
		C92A66F825CE91160060AA53 /* User.swift */ = {isa = PBXFileReference; lastKnownFileType = sourcecode.swift; path = User.swift; sourceTree = "<group>"; };
		C92A66FD25CE91FC0060AA53 /* LocalStorageManager.swift */ = {isa = PBXFileReference; lastKnownFileType = sourcecode.swift; path = LocalStorageManager.swift; sourceTree = "<group>"; };
		C92A670525CEA0310060AA53 /* SceneDelegate.swift */ = {isa = PBXFileReference; lastKnownFileType = sourcecode.swift; path = SceneDelegate.swift; sourceTree = "<group>"; };
		C961FA7A25CEEC5800D5A473 /* AnimatedSplashViewController.swift */ = {isa = PBXFileReference; lastKnownFileType = sourcecode.swift; path = AnimatedSplashViewController.swift; sourceTree = "<group>"; };
		C9F4B17325BDE90500ADDA6F /* LoginViewController.swift */ = {isa = PBXFileReference; lastKnownFileType = sourcecode.swift; path = LoginViewController.swift; sourceTree = "<group>"; };
		D15DBE30DFD273AA2B178F61 /* Pods-Lafeef.release.xcconfig */ = {isa = PBXFileReference; includeInIndex = 1; lastKnownFileType = text.xcconfig; name = "Pods-Lafeef.release.xcconfig"; path = "Target Support Files/Pods-Lafeef/Pods-Lafeef.release.xcconfig"; sourceTree = "<group>"; };
		DD4704DACE68D98C70B7CF71 /* Pods_Lafeef_LafeefUITests.framework */ = {isa = PBXFileReference; explicitFileType = wrapper.framework; includeInIndex = 0; path = Pods_Lafeef_LafeefUITests.framework; sourceTree = BUILT_PRODUCTS_DIR; };
		DDAA7982657CAB0C25A34B57 /* Pods-Lafeef-LafeefUITests.release.xcconfig */ = {isa = PBXFileReference; includeInIndex = 1; lastKnownFileType = text.xcconfig; name = "Pods-Lafeef-LafeefUITests.release.xcconfig"; path = "Target Support Files/Pods-Lafeef-LafeefUITests/Pods-Lafeef-LafeefUITests.release.xcconfig"; sourceTree = "<group>"; };
		F112DFAD93A3D56971E79A5A /* Pods-LafeefTests.debug.xcconfig */ = {isa = PBXFileReference; includeInIndex = 1; lastKnownFileType = text.xcconfig; name = "Pods-LafeefTests.debug.xcconfig"; path = "Target Support Files/Pods-LafeefTests/Pods-LafeefTests.debug.xcconfig"; sourceTree = "<group>"; };
		F1CE27FBB0BA65734056313E /* Pods-Lafeef-LafeefUITests.debug.xcconfig */ = {isa = PBXFileReference; includeInIndex = 1; lastKnownFileType = text.xcconfig; name = "Pods-Lafeef-LafeefUITests.debug.xcconfig"; path = "Target Support Files/Pods-Lafeef-LafeefUITests/Pods-Lafeef-LafeefUITests.debug.xcconfig"; sourceTree = "<group>"; };
/* End PBXFileReference section */

/* Begin PBXFrameworksBuildPhase section */
		4E453A3B25B61D5000B8363F /* Frameworks */ = {
			isa = PBXFrameworksBuildPhase;
			buildActionMask = 2147483647;
			files = (
				09F8D59451428576367B7573 /* Pods_Lafeef.framework in Frameworks */,
			);
			runOnlyForDeploymentPostprocessing = 0;
		};
		4E453A5225B61D5500B8363F /* Frameworks */ = {
			isa = PBXFrameworksBuildPhase;
			buildActionMask = 2147483647;
			files = (
				8561D8E2E6CFFD799CD68CC7 /* Pods_LafeefTests.framework in Frameworks */,
			);
			runOnlyForDeploymentPostprocessing = 0;
		};
		4E453A5D25B61D5500B8363F /* Frameworks */ = {
			isa = PBXFrameworksBuildPhase;
			buildActionMask = 2147483647;
			files = (
				C2082889EBD56239C02CB2D3 /* Pods_Lafeef_LafeefUITests.framework in Frameworks */,
			);
			runOnlyForDeploymentPostprocessing = 0;
		};
/* End PBXFrameworksBuildPhase section */

/* Begin PBXGroup section */
		04DDDDE2EBC0F99AC302FD8C /* Pods */ = {
			isa = PBXGroup;
			children = (
				0012A2D5C7CABC6C1AE985E3 /* Pods-Lafeef.debug.xcconfig */,
				D15DBE30DFD273AA2B178F61 /* Pods-Lafeef.release.xcconfig */,
				F1CE27FBB0BA65734056313E /* Pods-Lafeef-LafeefUITests.debug.xcconfig */,
				DDAA7982657CAB0C25A34B57 /* Pods-Lafeef-LafeefUITests.release.xcconfig */,
				F112DFAD93A3D56971E79A5A /* Pods-LafeefTests.debug.xcconfig */,
				3FD9BE7C1DE628BE933DA62B /* Pods-LafeefTests.release.xcconfig */,
			);
			path = Pods;
			sourceTree = "<group>";
		};
		41BD684225BABE7800257EA6 /* Controllers */ = {
			isa = PBXGroup;
			children = (
				C92A65A525CB3F6D0060AA53 /* TrainigViewController.swift */,
				C92A65A025CB3F660060AA53 /* StoreViewController.swift */,
				C92A659B25CB3F5E0060AA53 /* SignUpOrLoginViewController.swift */,
				C92A659425CB3F4F0060AA53 /* HomeViewController.swift */,
				C92A658F25CB3F470060AA53 /* ChallengeLevelsViewController.swift */,
				41BD684625BABF0800257EA6 /* SignUpEmailViewController.swift */,
				41BD684B25BABFF100257EA6 /* SignUpDOBViewController.swift */,
				41BD685025BAC00700257EA6 /* SignUpCharachterViewController.swift */,
				41BD685525BAC01400257EA6 /* SignUpNameViewController.swift */,
				4EB976F025CAD84B00518EF9 /* AlertViewController.swift */,
				4EB976EF25CAD84900518EF9 /* InstructionViewController.swift */,
				523A362525BF56B40059C0BC /* ProfileViewController.swift */,
				C9F4B17325BDE90500ADDA6F /* LoginViewController.swift */,
				C961FA7A25CEEC5800D5A473 /* AnimatedSplashViewController.swift */,
				4EB21B9425D2FC660076530E /* DailyReportViewController.swift */,
			);
			path = Controllers;
			sourceTree = "<group>";
		};
		4E453A3525B61D5000B8363F = {
			isa = PBXGroup;
			children = (
				4E453A4025B61D5100B8363F /* Lafeef */,
				C92A65B425CB3FC20060AA53 /* Color.xcassets */,
				4E53480025BC904500ACA8BC /* Fonts */,
				4E453A5825B61D5500B8363F /* LafeefTests */,
				4E453A6325B61D5500B8363F /* LafeefUITests */,
				4E453A3F25B61D5100B8363F /* Products */,
				04DDDDE2EBC0F99AC302FD8C /* Pods */,
				E3CA613ED32609BDDAB603CE /* Frameworks */,
				C92A658B25CB3DEA0060AA53 /* Recovered References */,
			);
			sourceTree = "<group>";
		};
		4E453A3F25B61D5100B8363F /* Products */ = {
			isa = PBXGroup;
			children = (
				4E453A3E25B61D5100B8363F /* Lafeef.app */,
				4E453A5525B61D5500B8363F /* LafeefTests.xctest */,
				4E453A6025B61D5500B8363F /* LafeefUITests.xctest */,
			);
			name = Products;
			sourceTree = "<group>";
		};
		4E453A4025B61D5100B8363F /* Lafeef */ = {
			isa = PBXGroup;
			children = (
				4E453A4125B61D5100B8363F /* AppDelegate.swift */,
				C92A670525CEA0310060AA53 /* SceneDelegate.swift */,
				4E453A4325B61D5100B8363F /* GameScene.sks */,
				4E453A4525B61D5100B8363F /* Actions.sks */,
				4E453A4725B61D5100B8363F /* GameScene.swift */,
				4E453A4925B61D5100B8363F /* GameViewController.swift */,
				4EC6D39025C2402B00A15A9D /* Launch Screen.storyboard */,
				4E453A4B25B61D5100B8363F /* Main.storyboard */,
				4E0ED73825CC71E500247B27 /* HomeView.storyboard */,
				4E7DECC825CDDFBF00D50362 /* Training.storyboard */,
				4E7DECC225CDDF9600D50362 /* Challenge.storyboard */,
				4EB21B8925D2F37D0076530E /* DailyAdvReports.storyboard */,
				4E453A4E25B61D5400B8363F /* Assets.xcassets */,
				C92A65AA25CB3FA00060AA53 /* Helper */,
				4EEDE0FA25BCF42600CA7B9A /* Model */,
				4EDCA1F625C6249F00C29464 /* View */,
				41BD684225BABE7800257EA6 /* Controllers */,
				41BD683D25BABD3B00257EA6 /* GoogleService-Info.plist */,
				4E453A5025B61D5400B8363F /* Info.plist */,
			);
			path = Lafeef;
			sourceTree = "<group>";
		};
		4E453A5825B61D5500B8363F /* LafeefTests */ = {
			isa = PBXGroup;
			children = (
				4E453A5925B61D5500B8363F /* LafeefTests.swift */,
				4E453A5B25B61D5500B8363F /* Info.plist */,
			);
			path = LafeefTests;
			sourceTree = "<group>";
		};
		4E453A6325B61D5500B8363F /* LafeefUITests */ = {
			isa = PBXGroup;
			children = (
				4E453A6425B61D5500B8363F /* LafeefUITests.swift */,
				4E453A6625B61D5500B8363F /* Info.plist */,
			);
			path = LafeefUITests;
			sourceTree = "<group>";
		};
		4E53480025BC904500ACA8BC /* Fonts */ = {
			isa = PBXGroup;
			children = (
				4144583D25C0F3D9000EE8F0 /* FFHekaya-Light.otf */,
			);
			path = Fonts;
			sourceTree = "<group>";
		};
		4EDCA1F625C6249F00C29464 /* View */ = {
			isa = PBXGroup;
			children = (
				4E7DECBA25CDB9FA00D50362 /* splash-animation.gif */,
				4EB21B7B25CF768F0076530E /* ProgressBar.swift */,
				4EDCA23D25C63A8100C29464 /* SplashAnimationView.swift */,
			);
			path = View;
			sourceTree = "<group>";
		};
		4EEDE0FA25BCF42600CA7B9A /* Model */ = {
			isa = PBXGroup;
			children = (
				4EEDE0FB25BCF43700CA7B9A /* Extensions */,
				4EB976E925CAD83900518EF9 /* AlertService.swift */,
				C92A66FD25CE91FC0060AA53 /* LocalStorageManager.swift */,
				4EB976E825CAD83800518EF9 /* instruction.swift */,
				C92A65B925CB3FFB0060AA53 /* FirebaseRequests.swift */,
				C92A65E025CB43DB0060AA53 /* Child.swift */,
				C92A66F825CE91160060AA53 /* User.swift */,
			);
			path = Model;
			sourceTree = "<group>";
		};
		4EEDE0FB25BCF43700CA7B9A /* Extensions */ = {
			isa = PBXGroup;
			children = (
				4EEDE10A25BCFBCB00CA7B9A /* UIView+String.swift */,
			);
			path = Extensions;
			sourceTree = "<group>";
		};
		C92A658B25CB3DEA0060AA53 /* Recovered References */ = {
			isa = PBXGroup;
			children = (
			);
			name = "Recovered References";
			sourceTree = "<group>";
		};
		C92A65AA25CB3FA00060AA53 /* Helper */ = {
			isa = PBXGroup;
			children = (
				C92A65AC25CB3FA00060AA53 /* Utilities.swift */,
				C92A65AD25CB3FA00060AA53 /* Shapes.swift */,
				C92A65E825CB44050060AA53 /* Constants.swift */,
			);
			name = Helper;
			path = Lafeef/Helper;
			sourceTree = SOURCE_ROOT;
		};
		E3CA613ED32609BDDAB603CE /* Frameworks */ = {
			isa = PBXGroup;
			children = (
				B1B61265579B4C33852B7EE8 /* Pods_Lafeef.framework */,
				DD4704DACE68D98C70B7CF71 /* Pods_Lafeef_LafeefUITests.framework */,
				0554BA4951BACB4B292657DC /* Pods_LafeefTests.framework */,
			);
			name = Frameworks;
			sourceTree = "<group>";
		};
/* End PBXGroup section */

/* Begin PBXNativeTarget section */
		4E453A3D25B61D5000B8363F /* Lafeef */ = {
			isa = PBXNativeTarget;
			buildConfigurationList = 4E453A6925B61D5500B8363F /* Build configuration list for PBXNativeTarget "Lafeef" */;
			buildPhases = (
				0F4776B2A3E9013FFE63C800 /* [CP] Check Pods Manifest.lock */,
				4E453A3A25B61D5000B8363F /* Sources */,
				4E453A3B25B61D5000B8363F /* Frameworks */,
				4E453A3C25B61D5000B8363F /* Resources */,
				625A64B7788748733D1E9A30 /* [CP] Embed Pods Frameworks */,
				D5219301402CA012900445DC /* [CP] Copy Pods Resources */,
			);
			buildRules = (
			);
			dependencies = (
			);
			name = Lafeef;
			productName = Lafeef;
			productReference = 4E453A3E25B61D5100B8363F /* Lafeef.app */;
			productType = "com.apple.product-type.application";
		};
		4E453A5425B61D5500B8363F /* LafeefTests */ = {
			isa = PBXNativeTarget;
			buildConfigurationList = 4E453A6C25B61D5500B8363F /* Build configuration list for PBXNativeTarget "LafeefTests" */;
			buildPhases = (
				5FE62ABF7917FE3B2B40ADAC /* [CP] Check Pods Manifest.lock */,
				4E453A5125B61D5500B8363F /* Sources */,
				4E453A5225B61D5500B8363F /* Frameworks */,
				4E453A5325B61D5500B8363F /* Resources */,
			);
			buildRules = (
			);
			dependencies = (
				4E453A5725B61D5500B8363F /* PBXTargetDependency */,
			);
			name = LafeefTests;
			productName = LafeefTests;
			productReference = 4E453A5525B61D5500B8363F /* LafeefTests.xctest */;
			productType = "com.apple.product-type.bundle.unit-test";
		};
		4E453A5F25B61D5500B8363F /* LafeefUITests */ = {
			isa = PBXNativeTarget;
			buildConfigurationList = 4E453A6F25B61D5500B8363F /* Build configuration list for PBXNativeTarget "LafeefUITests" */;
			buildPhases = (
				59CFACC285A8B7BD39B2E095 /* [CP] Check Pods Manifest.lock */,
				4E453A5C25B61D5500B8363F /* Sources */,
				4E453A5D25B61D5500B8363F /* Frameworks */,
				4E453A5E25B61D5500B8363F /* Resources */,
				41A035368DB95CB225B3C56E /* [CP] Embed Pods Frameworks */,
				E745FA7A235B161B1FE44C33 /* [CP] Copy Pods Resources */,
			);
			buildRules = (
			);
			dependencies = (
				4E453A6225B61D5500B8363F /* PBXTargetDependency */,
			);
			name = LafeefUITests;
			productName = LafeefUITests;
			productReference = 4E453A6025B61D5500B8363F /* LafeefUITests.xctest */;
			productType = "com.apple.product-type.bundle.ui-testing";
		};
/* End PBXNativeTarget section */

/* Begin PBXProject section */
		4E453A3625B61D5000B8363F /* Project object */ = {
			isa = PBXProject;
			attributes = {
				LastSwiftUpdateCheck = 1230;
				LastUpgradeCheck = 1230;
				TargetAttributes = {
					4E453A3D25B61D5000B8363F = {
						CreatedOnToolsVersion = 12.3;
					};
					4E453A5425B61D5500B8363F = {
						CreatedOnToolsVersion = 12.3;
						TestTargetID = 4E453A3D25B61D5000B8363F;
					};
					4E453A5F25B61D5500B8363F = {
						CreatedOnToolsVersion = 12.3;
						TestTargetID = 4E453A3D25B61D5000B8363F;
					};
				};
			};
			buildConfigurationList = 4E453A3925B61D5000B8363F /* Build configuration list for PBXProject "Lafeef" */;
			compatibilityVersion = "Xcode 9.3";
			developmentRegion = en;
			hasScannedForEncodings = 0;
			knownRegions = (
				en,
				Base,
			);
			mainGroup = 4E453A3525B61D5000B8363F;
			productRefGroup = 4E453A3F25B61D5100B8363F /* Products */;
			projectDirPath = "";
			projectRoot = "";
			targets = (
				4E453A3D25B61D5000B8363F /* Lafeef */,
				4E453A5425B61D5500B8363F /* LafeefTests */,
				4E453A5F25B61D5500B8363F /* LafeefUITests */,
			);
		};
/* End PBXProject section */

/* Begin PBXResourcesBuildPhase section */
		4E453A3C25B61D5000B8363F /* Resources */ = {
			isa = PBXResourcesBuildPhase;
			buildActionMask = 2147483647;
			files = (
				4E453A4D25B61D5100B8363F /* Main.storyboard in Resources */,
				4E7DECC925CDDFBF00D50362 /* Training.storyboard in Resources */,
				4EC6D39125C2402C00A15A9D /* Launch Screen.storyboard in Resources */,
				4EC6D37325C213B800A15A9D /* FFHekaya-Light.otf in Resources */,
				4E7DECBB25CDB9FA00D50362 /* splash-animation.gif in Resources */,
				4E453A4425B61D5100B8363F /* GameScene.sks in Resources */,
				4E7DECC425CDDF9600D50362 /* Challenge.storyboard in Resources */,
				41BD683E25BABD3B00257EA6 /* GoogleService-Info.plist in Resources */,
				4E453A4F25B61D5400B8363F /* Assets.xcassets in Resources */,
				4E0ED73925CC71E500247B27 /* HomeView.storyboard in Resources */,
				C92A65B525CB3FC20060AA53 /* Color.xcassets in Resources */,
				4E453A4625B61D5100B8363F /* Actions.sks in Resources */,
				4EB21B8A25D2F37D0076530E /* DailyAdvReports.storyboard in Resources */,
			);
			runOnlyForDeploymentPostprocessing = 0;
		};
		4E453A5325B61D5500B8363F /* Resources */ = {
			isa = PBXResourcesBuildPhase;
			buildActionMask = 2147483647;
			files = (
				4EC6D37D25C2338400A15A9D /* FFHekaya-Light.otf in Resources */,
			);
			runOnlyForDeploymentPostprocessing = 0;
		};
		4E453A5E25B61D5500B8363F /* Resources */ = {
			isa = PBXResourcesBuildPhase;
			buildActionMask = 2147483647;
			files = (
				4EC6D38125C2338400A15A9D /* FFHekaya-Light.otf in Resources */,
			);
			runOnlyForDeploymentPostprocessing = 0;
		};
/* End PBXResourcesBuildPhase section */

/* Begin PBXShellScriptBuildPhase section */
		0F4776B2A3E9013FFE63C800 /* [CP] Check Pods Manifest.lock */ = {
			isa = PBXShellScriptBuildPhase;
			buildActionMask = 2147483647;
			files = (
			);
			inputFileListPaths = (
			);
			inputPaths = (
				"${PODS_PODFILE_DIR_PATH}/Podfile.lock",
				"${PODS_ROOT}/Manifest.lock",
			);
			name = "[CP] Check Pods Manifest.lock";
			outputFileListPaths = (
			);
			outputPaths = (
				"$(DERIVED_FILE_DIR)/Pods-Lafeef-checkManifestLockResult.txt",
			);
			runOnlyForDeploymentPostprocessing = 0;
			shellPath = /bin/sh;
			shellScript = "diff \"${PODS_PODFILE_DIR_PATH}/Podfile.lock\" \"${PODS_ROOT}/Manifest.lock\" > /dev/null\nif [ $? != 0 ] ; then\n    # print error to STDERR\n    echo \"error: The sandbox is not in sync with the Podfile.lock. Run 'pod install' or update your CocoaPods installation.\" >&2\n    exit 1\nfi\n# This output is used by Xcode 'outputs' to avoid re-running this script phase.\necho \"SUCCESS\" > \"${SCRIPT_OUTPUT_FILE_0}\"\n";
			showEnvVarsInLog = 0;
		};
		41A035368DB95CB225B3C56E /* [CP] Embed Pods Frameworks */ = {
			isa = PBXShellScriptBuildPhase;
			buildActionMask = 2147483647;
			files = (
			);
			inputFileListPaths = (
				"${PODS_ROOT}/Target Support Files/Pods-Lafeef-LafeefUITests/Pods-Lafeef-LafeefUITests-frameworks-${CONFIGURATION}-input-files.xcfilelist",
			);
			name = "[CP] Embed Pods Frameworks";
			outputFileListPaths = (
				"${PODS_ROOT}/Target Support Files/Pods-Lafeef-LafeefUITests/Pods-Lafeef-LafeefUITests-frameworks-${CONFIGURATION}-output-files.xcfilelist",
			);
			runOnlyForDeploymentPostprocessing = 0;
			shellPath = /bin/sh;
			shellScript = "\"${PODS_ROOT}/Target Support Files/Pods-Lafeef-LafeefUITests/Pods-Lafeef-LafeefUITests-frameworks.sh\"\n";
			showEnvVarsInLog = 0;
		};
		59CFACC285A8B7BD39B2E095 /* [CP] Check Pods Manifest.lock */ = {
			isa = PBXShellScriptBuildPhase;
			buildActionMask = 2147483647;
			files = (
			);
			inputFileListPaths = (
			);
			inputPaths = (
				"${PODS_PODFILE_DIR_PATH}/Podfile.lock",
				"${PODS_ROOT}/Manifest.lock",
			);
			name = "[CP] Check Pods Manifest.lock";
			outputFileListPaths = (
			);
			outputPaths = (
				"$(DERIVED_FILE_DIR)/Pods-Lafeef-LafeefUITests-checkManifestLockResult.txt",
			);
			runOnlyForDeploymentPostprocessing = 0;
			shellPath = /bin/sh;
			shellScript = "diff \"${PODS_PODFILE_DIR_PATH}/Podfile.lock\" \"${PODS_ROOT}/Manifest.lock\" > /dev/null\nif [ $? != 0 ] ; then\n    # print error to STDERR\n    echo \"error: The sandbox is not in sync with the Podfile.lock. Run 'pod install' or update your CocoaPods installation.\" >&2\n    exit 1\nfi\n# This output is used by Xcode 'outputs' to avoid re-running this script phase.\necho \"SUCCESS\" > \"${SCRIPT_OUTPUT_FILE_0}\"\n";
			showEnvVarsInLog = 0;
		};
		5FE62ABF7917FE3B2B40ADAC /* [CP] Check Pods Manifest.lock */ = {
			isa = PBXShellScriptBuildPhase;
			buildActionMask = 2147483647;
			files = (
			);
			inputFileListPaths = (
			);
			inputPaths = (
				"${PODS_PODFILE_DIR_PATH}/Podfile.lock",
				"${PODS_ROOT}/Manifest.lock",
			);
			name = "[CP] Check Pods Manifest.lock";
			outputFileListPaths = (
			);
			outputPaths = (
				"$(DERIVED_FILE_DIR)/Pods-LafeefTests-checkManifestLockResult.txt",
			);
			runOnlyForDeploymentPostprocessing = 0;
			shellPath = /bin/sh;
			shellScript = "diff \"${PODS_PODFILE_DIR_PATH}/Podfile.lock\" \"${PODS_ROOT}/Manifest.lock\" > /dev/null\nif [ $? != 0 ] ; then\n    # print error to STDERR\n    echo \"error: The sandbox is not in sync with the Podfile.lock. Run 'pod install' or update your CocoaPods installation.\" >&2\n    exit 1\nfi\n# This output is used by Xcode 'outputs' to avoid re-running this script phase.\necho \"SUCCESS\" > \"${SCRIPT_OUTPUT_FILE_0}\"\n";
			showEnvVarsInLog = 0;
		};
		625A64B7788748733D1E9A30 /* [CP] Embed Pods Frameworks */ = {
			isa = PBXShellScriptBuildPhase;
			buildActionMask = 2147483647;
			files = (
			);
			inputFileListPaths = (
				"${PODS_ROOT}/Target Support Files/Pods-Lafeef/Pods-Lafeef-frameworks-${CONFIGURATION}-input-files.xcfilelist",
			);
			name = "[CP] Embed Pods Frameworks";
			outputFileListPaths = (
				"${PODS_ROOT}/Target Support Files/Pods-Lafeef/Pods-Lafeef-frameworks-${CONFIGURATION}-output-files.xcfilelist",
			);
			runOnlyForDeploymentPostprocessing = 0;
			shellPath = /bin/sh;
			shellScript = "\"${PODS_ROOT}/Target Support Files/Pods-Lafeef/Pods-Lafeef-frameworks.sh\"\n";
			showEnvVarsInLog = 0;
		};
		D5219301402CA012900445DC /* [CP] Copy Pods Resources */ = {
			isa = PBXShellScriptBuildPhase;
			buildActionMask = 2147483647;
			files = (
			);
			inputFileListPaths = (
				"${PODS_ROOT}/Target Support Files/Pods-Lafeef/Pods-Lafeef-resources-${CONFIGURATION}-input-files.xcfilelist",
			);
			name = "[CP] Copy Pods Resources";
			outputFileListPaths = (
				"${PODS_ROOT}/Target Support Files/Pods-Lafeef/Pods-Lafeef-resources-${CONFIGURATION}-output-files.xcfilelist",
			);
			runOnlyForDeploymentPostprocessing = 0;
			shellPath = /bin/sh;
			shellScript = "\"${PODS_ROOT}/Target Support Files/Pods-Lafeef/Pods-Lafeef-resources.sh\"\n";
			showEnvVarsInLog = 0;
		};
		E745FA7A235B161B1FE44C33 /* [CP] Copy Pods Resources */ = {
			isa = PBXShellScriptBuildPhase;
			buildActionMask = 2147483647;
			files = (
			);
			inputFileListPaths = (
				"${PODS_ROOT}/Target Support Files/Pods-Lafeef-LafeefUITests/Pods-Lafeef-LafeefUITests-resources-${CONFIGURATION}-input-files.xcfilelist",
			);
			name = "[CP] Copy Pods Resources";
			outputFileListPaths = (
				"${PODS_ROOT}/Target Support Files/Pods-Lafeef-LafeefUITests/Pods-Lafeef-LafeefUITests-resources-${CONFIGURATION}-output-files.xcfilelist",
			);
			runOnlyForDeploymentPostprocessing = 0;
			shellPath = /bin/sh;
			shellScript = "\"${PODS_ROOT}/Target Support Files/Pods-Lafeef-LafeefUITests/Pods-Lafeef-LafeefUITests-resources.sh\"\n";
			showEnvVarsInLog = 0;
		};
/* End PBXShellScriptBuildPhase section */

/* Begin PBXSourcesBuildPhase section */
		4E453A3A25B61D5000B8363F /* Sources */ = {
			isa = PBXSourcesBuildPhase;
			buildActionMask = 2147483647;
			files = (
				C92A65BA25CB3FFB0060AA53 /* FirebaseRequests.swift in Sources */,
				C92A65A125CB3F660060AA53 /* StoreViewController.swift in Sources */,
				C92A65A625CB3F6D0060AA53 /* TrainigViewController.swift in Sources */,
				C92A659525CB3F4F0060AA53 /* HomeViewController.swift in Sources */,
				4E453A4825B61D5100B8363F /* GameScene.swift in Sources */,
				4EB976EB25CAD83900518EF9 /* AlertService.swift in Sources */,
				4E453A4A25B61D5100B8363F /* GameViewController.swift in Sources */,
				C92A66F925CE91160060AA53 /* User.swift in Sources */,
				C92A659025CB3F480060AA53 /* ChallengeLevelsViewController.swift in Sources */,
				4EEDE10B25BCFBCB00CA7B9A /* UIView+String.swift in Sources */,
				4EDCA23E25C63A8100C29464 /* SplashAnimationView.swift in Sources */,
				41BD684C25BABFF100257EA6 /* SignUpDOBViewController.swift in Sources */,
				C92A659C25CB3F5E0060AA53 /* SignUpOrLoginViewController.swift in Sources */,
				C92A65E125CB43DB0060AA53 /* Child.swift in Sources */,
				41BD685125BAC00700257EA6 /* SignUpCharachterViewController.swift in Sources */,
				4E453A4225B61D5100B8363F /* AppDelegate.swift in Sources */,
				4EB976F125CAD84B00518EF9 /* InstructionViewController.swift in Sources */,
				C961FA7B25CEEC5800D5A473 /* AnimatedSplashViewController.swift in Sources */,
				41BD685625BAC01400257EA6 /* SignUpNameViewController.swift in Sources */,
				4EB976EA25CAD83900518EF9 /* instruction.swift in Sources */,
				4EB21B9525D2FC660076530E /* DailyReportViewController.swift in Sources */,
				4EB976F225CAD84B00518EF9 /* AlertViewController.swift in Sources */,
				41BD684725BABF0800257EA6 /* SignUpEmailViewController.swift in Sources */,
				C92A670625CEA0320060AA53 /* SceneDelegate.swift in Sources */,
				C92A66FE25CE91FC0060AA53 /* LocalStorageManager.swift in Sources */,
				4EB21B7C25CF768F0076530E /* ProgressBar.swift in Sources */,
				C92A65B025CB3FA00060AA53 /* Shapes.swift in Sources */,
				C92A65AF25CB3FA00060AA53 /* Utilities.swift in Sources */,
				C92A65E925CB44050060AA53 /* Constants.swift in Sources */,
				4EEDE10B25BCFBCB00CA7B9A /* UIView+String.swift in Sources */,
				C9F4B17425BDE90500ADDA6F /* LoginViewController.swift in Sources */,
				523A362625BF56B40059C0BC /* ProfileViewController.swift in Sources */,
				4E453A4225B61D5100B8363F /* AppDelegate.swift in Sources */,
			);
			runOnlyForDeploymentPostprocessing = 0;
		};
		4E453A5125B61D5500B8363F /* Sources */ = {
			isa = PBXSourcesBuildPhase;
			buildActionMask = 2147483647;
			files = (
				4E453A5A25B61D5500B8363F /* LafeefTests.swift in Sources */,
			);
			runOnlyForDeploymentPostprocessing = 0;
		};
		4E453A5C25B61D5500B8363F /* Sources */ = {
			isa = PBXSourcesBuildPhase;
			buildActionMask = 2147483647;
			files = (
				4E453A6525B61D5500B8363F /* LafeefUITests.swift in Sources */,
			);
			runOnlyForDeploymentPostprocessing = 0;
		};
/* End PBXSourcesBuildPhase section */

/* Begin PBXTargetDependency section */
		4E453A5725B61D5500B8363F /* PBXTargetDependency */ = {
			isa = PBXTargetDependency;
			target = 4E453A3D25B61D5000B8363F /* Lafeef */;
			targetProxy = 4E453A5625B61D5500B8363F /* PBXContainerItemProxy */;
		};
		4E453A6225B61D5500B8363F /* PBXTargetDependency */ = {
			isa = PBXTargetDependency;
			target = 4E453A3D25B61D5000B8363F /* Lafeef */;
			targetProxy = 4E453A6125B61D5500B8363F /* PBXContainerItemProxy */;
		};
/* End PBXTargetDependency section */

/* Begin PBXVariantGroup section */
		4E453A4B25B61D5100B8363F /* Main.storyboard */ = {
			isa = PBXVariantGroup;
			children = (
				4E453A4C25B61D5100B8363F /* Base */,
			);
			name = Main.storyboard;
			sourceTree = "<group>";
		};
		4E7DECC225CDDF9600D50362 /* Challenge.storyboard */ = {
			isa = PBXVariantGroup;
			children = (
				4E7DECC325CDDF9600D50362 /* Base */,
			);
			name = Challenge.storyboard;
			sourceTree = "<group>";
		};
/* End PBXVariantGroup section */

/* Begin XCBuildConfiguration section */
		4E453A6725B61D5500B8363F /* Debug */ = {
			isa = XCBuildConfiguration;
			buildSettings = {
				ALWAYS_SEARCH_USER_PATHS = NO;
				CLANG_ANALYZER_NONNULL = YES;
				CLANG_ANALYZER_NUMBER_OBJECT_CONVERSION = YES_AGGRESSIVE;
				CLANG_CXX_LANGUAGE_STANDARD = "gnu++14";
				CLANG_CXX_LIBRARY = "libc++";
				CLANG_ENABLE_MODULES = YES;
				CLANG_ENABLE_OBJC_ARC = YES;
				CLANG_ENABLE_OBJC_WEAK = YES;
				CLANG_WARN_BLOCK_CAPTURE_AUTORELEASING = YES;
				CLANG_WARN_BOOL_CONVERSION = YES;
				CLANG_WARN_COMMA = YES;
				CLANG_WARN_CONSTANT_CONVERSION = YES;
				CLANG_WARN_DEPRECATED_OBJC_IMPLEMENTATIONS = YES;
				CLANG_WARN_DIRECT_OBJC_ISA_USAGE = YES_ERROR;
				CLANG_WARN_DOCUMENTATION_COMMENTS = YES;
				CLANG_WARN_EMPTY_BODY = YES;
				CLANG_WARN_ENUM_CONVERSION = YES;
				CLANG_WARN_INFINITE_RECURSION = YES;
				CLANG_WARN_INT_CONVERSION = YES;
				CLANG_WARN_NON_LITERAL_NULL_CONVERSION = YES;
				CLANG_WARN_OBJC_IMPLICIT_RETAIN_SELF = YES;
				CLANG_WARN_OBJC_LITERAL_CONVERSION = YES;
				CLANG_WARN_OBJC_ROOT_CLASS = YES_ERROR;
				CLANG_WARN_QUOTED_INCLUDE_IN_FRAMEWORK_HEADER = YES;
				CLANG_WARN_RANGE_LOOP_ANALYSIS = YES;
				CLANG_WARN_STRICT_PROTOTYPES = YES;
				CLANG_WARN_SUSPICIOUS_MOVE = YES;
				CLANG_WARN_UNGUARDED_AVAILABILITY = YES_AGGRESSIVE;
				CLANG_WARN_UNREACHABLE_CODE = YES;
				CLANG_WARN__DUPLICATE_METHOD_MATCH = YES;
				COPY_PHASE_STRIP = NO;
				DEBUG_INFORMATION_FORMAT = dwarf;
				ENABLE_STRICT_OBJC_MSGSEND = YES;
				ENABLE_TESTABILITY = YES;
				GCC_C_LANGUAGE_STANDARD = gnu11;
				GCC_DYNAMIC_NO_PIC = NO;
				GCC_NO_COMMON_BLOCKS = YES;
				GCC_OPTIMIZATION_LEVEL = 0;
				GCC_PREPROCESSOR_DEFINITIONS = (
					"DEBUG=1",
					"$(inherited)",
				);
				GCC_WARN_64_TO_32_BIT_CONVERSION = YES;
				GCC_WARN_ABOUT_RETURN_TYPE = YES_ERROR;
				GCC_WARN_UNDECLARED_SELECTOR = YES;
				GCC_WARN_UNINITIALIZED_AUTOS = YES_AGGRESSIVE;
				GCC_WARN_UNUSED_FUNCTION = YES;
				GCC_WARN_UNUSED_VARIABLE = YES;
				IPHONEOS_DEPLOYMENT_TARGET = 13.4;
				MTL_ENABLE_DEBUG_INFO = INCLUDE_SOURCE;
				MTL_FAST_MATH = YES;
				ONLY_ACTIVE_ARCH = YES;
				SDKROOT = iphoneos;
				SWIFT_ACTIVE_COMPILATION_CONDITIONS = DEBUG;
				SWIFT_OPTIMIZATION_LEVEL = "-Onone";
			};
			name = Debug;
		};
		4E453A6825B61D5500B8363F /* Release */ = {
			isa = XCBuildConfiguration;
			buildSettings = {
				ALWAYS_SEARCH_USER_PATHS = NO;
				CLANG_ANALYZER_NONNULL = YES;
				CLANG_ANALYZER_NUMBER_OBJECT_CONVERSION = YES_AGGRESSIVE;
				CLANG_CXX_LANGUAGE_STANDARD = "gnu++14";
				CLANG_CXX_LIBRARY = "libc++";
				CLANG_ENABLE_MODULES = YES;
				CLANG_ENABLE_OBJC_ARC = YES;
				CLANG_ENABLE_OBJC_WEAK = YES;
				CLANG_WARN_BLOCK_CAPTURE_AUTORELEASING = YES;
				CLANG_WARN_BOOL_CONVERSION = YES;
				CLANG_WARN_COMMA = YES;
				CLANG_WARN_CONSTANT_CONVERSION = YES;
				CLANG_WARN_DEPRECATED_OBJC_IMPLEMENTATIONS = YES;
				CLANG_WARN_DIRECT_OBJC_ISA_USAGE = YES_ERROR;
				CLANG_WARN_DOCUMENTATION_COMMENTS = YES;
				CLANG_WARN_EMPTY_BODY = YES;
				CLANG_WARN_ENUM_CONVERSION = YES;
				CLANG_WARN_INFINITE_RECURSION = YES;
				CLANG_WARN_INT_CONVERSION = YES;
				CLANG_WARN_NON_LITERAL_NULL_CONVERSION = YES;
				CLANG_WARN_OBJC_IMPLICIT_RETAIN_SELF = YES;
				CLANG_WARN_OBJC_LITERAL_CONVERSION = YES;
				CLANG_WARN_OBJC_ROOT_CLASS = YES_ERROR;
				CLANG_WARN_QUOTED_INCLUDE_IN_FRAMEWORK_HEADER = YES;
				CLANG_WARN_RANGE_LOOP_ANALYSIS = YES;
				CLANG_WARN_STRICT_PROTOTYPES = YES;
				CLANG_WARN_SUSPICIOUS_MOVE = YES;
				CLANG_WARN_UNGUARDED_AVAILABILITY = YES_AGGRESSIVE;
				CLANG_WARN_UNREACHABLE_CODE = YES;
				CLANG_WARN__DUPLICATE_METHOD_MATCH = YES;
				COPY_PHASE_STRIP = NO;
				DEBUG_INFORMATION_FORMAT = "dwarf-with-dsym";
				ENABLE_NS_ASSERTIONS = NO;
				ENABLE_STRICT_OBJC_MSGSEND = YES;
				GCC_C_LANGUAGE_STANDARD = gnu11;
				GCC_NO_COMMON_BLOCKS = YES;
				GCC_WARN_64_TO_32_BIT_CONVERSION = YES;
				GCC_WARN_ABOUT_RETURN_TYPE = YES_ERROR;
				GCC_WARN_UNDECLARED_SELECTOR = YES;
				GCC_WARN_UNINITIALIZED_AUTOS = YES_AGGRESSIVE;
				GCC_WARN_UNUSED_FUNCTION = YES;
				GCC_WARN_UNUSED_VARIABLE = YES;
				IPHONEOS_DEPLOYMENT_TARGET = 13.4;
				MTL_ENABLE_DEBUG_INFO = NO;
				MTL_FAST_MATH = YES;
				SDKROOT = iphoneos;
				SWIFT_COMPILATION_MODE = wholemodule;
				SWIFT_OPTIMIZATION_LEVEL = "-O";
				VALIDATE_PRODUCT = YES;
			};
			name = Release;
		};
		4E453A6A25B61D5500B8363F /* Debug */ = {
			isa = XCBuildConfiguration;
			baseConfigurationReference = 0012A2D5C7CABC6C1AE985E3 /* Pods-Lafeef.debug.xcconfig */;
			buildSettings = {
				ASSETCATALOG_COMPILER_APPICON_NAME = AppIcon;
				ASSETCATALOG_COMPILER_GLOBAL_ACCENT_COLOR_NAME = AccentColor;
				CODE_SIGN_STYLE = Automatic;
				DEVELOPMENT_TEAM = 8WNUZCBQWY;
				INFOPLIST_FILE = Lafeef/Info.plist;
				LD_RUNPATH_SEARCH_PATHS = (
					"$(inherited)",
					"@executable_path/Frameworks",
				);
				PRODUCT_BUNDLE_IDENTIFIER = com.rihammastour.Lafeef;
				PRODUCT_NAME = "$(TARGET_NAME)";
				SWIFT_VERSION = 5.0;
				TARGETED_DEVICE_FAMILY = 2;
			};
			name = Debug;
		};
		4E453A6B25B61D5500B8363F /* Release */ = {
			isa = XCBuildConfiguration;
			baseConfigurationReference = D15DBE30DFD273AA2B178F61 /* Pods-Lafeef.release.xcconfig */;
			buildSettings = {
				ASSETCATALOG_COMPILER_APPICON_NAME = AppIcon;
				ASSETCATALOG_COMPILER_GLOBAL_ACCENT_COLOR_NAME = AccentColor;
				CODE_SIGN_STYLE = Automatic;
				DEVELOPMENT_TEAM = 8WNUZCBQWY;
				INFOPLIST_FILE = Lafeef/Info.plist;
				LD_RUNPATH_SEARCH_PATHS = (
					"$(inherited)",
					"@executable_path/Frameworks",
				);
				PRODUCT_BUNDLE_IDENTIFIER = com.rihammastour.Lafeef;
				PRODUCT_NAME = "$(TARGET_NAME)";
				SWIFT_VERSION = 5.0;
				TARGETED_DEVICE_FAMILY = 2;
			};
			name = Release;
		};
		4E453A6D25B61D5500B8363F /* Debug */ = {
			isa = XCBuildConfiguration;
			baseConfigurationReference = F112DFAD93A3D56971E79A5A /* Pods-LafeefTests.debug.xcconfig */;
			buildSettings = {
				ALWAYS_EMBED_SWIFT_STANDARD_LIBRARIES = YES;
				BUNDLE_LOADER = "$(TEST_HOST)";
				CODE_SIGN_STYLE = Automatic;
				DEVELOPMENT_TEAM = 8WNUZCBQWY;
				INFOPLIST_FILE = LafeefTests/Info.plist;
				IPHONEOS_DEPLOYMENT_TARGET = 14.3;
				LD_RUNPATH_SEARCH_PATHS = (
					"$(inherited)",
					"@executable_path/Frameworks",
					"@loader_path/Frameworks",
				);
				PRODUCT_BUNDLE_IDENTIFIER = com.rihammastour.LafeefTests;
				PRODUCT_NAME = "$(TARGET_NAME)";
				SWIFT_VERSION = 5.0;
				TARGETED_DEVICE_FAMILY = "1,2";
				TEST_HOST = "$(BUILT_PRODUCTS_DIR)/Lafeef.app/Lafeef";
			};
			name = Debug;
		};
		4E453A6E25B61D5500B8363F /* Release */ = {
			isa = XCBuildConfiguration;
			baseConfigurationReference = 3FD9BE7C1DE628BE933DA62B /* Pods-LafeefTests.release.xcconfig */;
			buildSettings = {
				ALWAYS_EMBED_SWIFT_STANDARD_LIBRARIES = YES;
				BUNDLE_LOADER = "$(TEST_HOST)";
				CODE_SIGN_STYLE = Automatic;
				DEVELOPMENT_TEAM = 8WNUZCBQWY;
				INFOPLIST_FILE = LafeefTests/Info.plist;
				IPHONEOS_DEPLOYMENT_TARGET = 14.3;
				LD_RUNPATH_SEARCH_PATHS = (
					"$(inherited)",
					"@executable_path/Frameworks",
					"@loader_path/Frameworks",
				);
				PRODUCT_BUNDLE_IDENTIFIER = com.rihammastour.LafeefTests;
				PRODUCT_NAME = "$(TARGET_NAME)";
				SWIFT_VERSION = 5.0;
				TARGETED_DEVICE_FAMILY = "1,2";
				TEST_HOST = "$(BUILT_PRODUCTS_DIR)/Lafeef.app/Lafeef";
			};
			name = Release;
		};
		4E453A7025B61D5500B8363F /* Debug */ = {
			isa = XCBuildConfiguration;
			baseConfigurationReference = F1CE27FBB0BA65734056313E /* Pods-Lafeef-LafeefUITests.debug.xcconfig */;
			buildSettings = {
				ALWAYS_EMBED_SWIFT_STANDARD_LIBRARIES = YES;
				CODE_SIGN_STYLE = Automatic;
				DEVELOPMENT_TEAM = 8WNUZCBQWY;
				INFOPLIST_FILE = LafeefUITests/Info.plist;
				LD_RUNPATH_SEARCH_PATHS = (
					"$(inherited)",
					"@executable_path/Frameworks",
					"@loader_path/Frameworks",
				);
				PRODUCT_BUNDLE_IDENTIFIER = com.rihammastour.LafeefUITests;
				PRODUCT_NAME = "$(TARGET_NAME)";
				SWIFT_VERSION = 5.0;
				TARGETED_DEVICE_FAMILY = "1,2";
				TEST_TARGET_NAME = Lafeef;
			};
			name = Debug;
		};
		4E453A7125B61D5500B8363F /* Release */ = {
			isa = XCBuildConfiguration;
			baseConfigurationReference = DDAA7982657CAB0C25A34B57 /* Pods-Lafeef-LafeefUITests.release.xcconfig */;
			buildSettings = {
				ALWAYS_EMBED_SWIFT_STANDARD_LIBRARIES = YES;
				CODE_SIGN_STYLE = Automatic;
				DEVELOPMENT_TEAM = 8WNUZCBQWY;
				INFOPLIST_FILE = LafeefUITests/Info.plist;
				LD_RUNPATH_SEARCH_PATHS = (
					"$(inherited)",
					"@executable_path/Frameworks",
					"@loader_path/Frameworks",
				);
				PRODUCT_BUNDLE_IDENTIFIER = com.rihammastour.LafeefUITests;
				PRODUCT_NAME = "$(TARGET_NAME)";
				SWIFT_VERSION = 5.0;
				TARGETED_DEVICE_FAMILY = "1,2";
				TEST_TARGET_NAME = Lafeef;
			};
			name = Release;
		};
/* End XCBuildConfiguration section */

/* Begin XCConfigurationList section */
		4E453A3925B61D5000B8363F /* Build configuration list for PBXProject "Lafeef" */ = {
			isa = XCConfigurationList;
			buildConfigurations = (
				4E453A6725B61D5500B8363F /* Debug */,
				4E453A6825B61D5500B8363F /* Release */,
			);
			defaultConfigurationIsVisible = 0;
			defaultConfigurationName = Release;
		};
		4E453A6925B61D5500B8363F /* Build configuration list for PBXNativeTarget "Lafeef" */ = {
			isa = XCConfigurationList;
			buildConfigurations = (
				4E453A6A25B61D5500B8363F /* Debug */,
				4E453A6B25B61D5500B8363F /* Release */,
			);
			defaultConfigurationIsVisible = 0;
			defaultConfigurationName = Release;
		};
		4E453A6C25B61D5500B8363F /* Build configuration list for PBXNativeTarget "LafeefTests" */ = {
			isa = XCConfigurationList;
			buildConfigurations = (
				4E453A6D25B61D5500B8363F /* Debug */,
				4E453A6E25B61D5500B8363F /* Release */,
			);
			defaultConfigurationIsVisible = 0;
			defaultConfigurationName = Release;
		};
		4E453A6F25B61D5500B8363F /* Build configuration list for PBXNativeTarget "LafeefUITests" */ = {
			isa = XCConfigurationList;
			buildConfigurations = (
				4E453A7025B61D5500B8363F /* Debug */,
				4E453A7125B61D5500B8363F /* Release */,
			);
			defaultConfigurationIsVisible = 0;
			defaultConfigurationName = Release;
		};
/* End XCConfigurationList section */
	};
	rootObject = 4E453A3625B61D5000B8363F /* Project object */;
}
