// !$*UTF8*$!
{
	archiveVersion = 1;
	classes = {
	};
	objectVersion = 51;
	objects = {

/* Begin PBXBuildFile section */
		09F8D59451428576367B7573 /* Pods_Lafeef.framework in Frameworks */ = {isa = PBXBuildFile; fileRef = B1B61265579B4C33852B7EE8 /* Pods_Lafeef.framework */; };
		41BD683E25BABD3B00257EA6 /* GoogleService-Info.plist in Resources */ = {isa = PBXBuildFile; fileRef = 41BD683D25BABD3B00257EA6 /* GoogleService-Info.plist */; };
		4E453A4225B61D5100B8363F /* AppDelegate.swift in Sources */ = {isa = PBXBuildFile; fileRef = 4E453A4125B61D5100B8363F /* AppDelegate.swift */; };
		4E453A4425B61D5100B8363F /* GameScene.sks in Resources */ = {isa = PBXBuildFile; fileRef = 4E453A4325B61D5100B8363F /* GameScene.sks */; };
		4E453A4625B61D5100B8363F /* Actions.sks in Resources */ = {isa = PBXBuildFile; fileRef = 4E453A4525B61D5100B8363F /* Actions.sks */; };
		4E453A4825B61D5100B8363F /* GameScene.swift in Sources */ = {isa = PBXBuildFile; fileRef = 4E453A4725B61D5100B8363F /* GameScene.swift */; };
		4E453A4A25B61D5100B8363F /* GameViewController.swift in Sources */ = {isa = PBXBuildFile; fileRef = 4E453A4925B61D5100B8363F /* GameViewController.swift */; };
		4E453A4D25B61D5100B8363F /* Main.storyboard in Resources */ = {isa = PBXBuildFile; fileRef = 4E453A4B25B61D5100B8363F /* Main.storyboard */; };
		4E453A4F25B61D5400B8363F /* Assets.xcassets in Resources */ = {isa = PBXBuildFile; fileRef = 4E453A4E25B61D5400B8363F /* Assets.xcassets */; };
		4E453A5A25B61D5500B8363F /* LafeefTests.swift in Sources */ = {isa = PBXBuildFile; fileRef = 4E453A5925B61D5500B8363F /* LafeefTests.swift */; };
		4E453A6525B61D5500B8363F /* LafeefUITests.swift in Sources */ = {isa = PBXBuildFile; fileRef = 4E453A6425B61D5500B8363F /* LafeefUITests.swift */; };
		4E53480725BC90B600ACA8BC /* FFHekaya-Light.otf in Resources */ = {isa = PBXBuildFile; fileRef = 4E53480625BC90B600ACA8BC /* FFHekaya-Light.otf */; };
		4EEDE0CF25BC94D000CA7B9A /* FFHekaya-Light.otf in Resources */ = {isa = PBXBuildFile; fileRef = 4E53480625BC90B600ACA8BC /* FFHekaya-Light.otf */; };
		4EEDE0D325BC94D100CA7B9A /* FFHekaya-Light.otf in Resources */ = {isa = PBXBuildFile; fileRef = 4E53480625BC90B600ACA8BC /* FFHekaya-Light.otf */; };
		4EEDE10025BCF4A900CA7B9A /* Child.swift in Sources */ = {isa = PBXBuildFile; fileRef = 4EEDE0FF25BCF4A900CA7B9A /* Child.swift */; };
		4EEDE10B25BCFBCB00CA7B9A /* UIViewController.swift in Sources */ = {isa = PBXBuildFile; fileRef = 4EEDE10A25BCFBCB00CA7B9A /* UIViewController.swift */; };
		523A362625BF56B40059C0BC /* ProfileViewController.swift in Sources */ = {isa = PBXBuildFile; fileRef = 523A362525BF56B40059C0BC /* ProfileViewController.swift */; };
		8561D8E2E6CFFD799CD68CC7 /* Pods_LafeefTests.framework in Frameworks */ = {isa = PBXBuildFile; fileRef = 0554BA4951BACB4B292657DC /* Pods_LafeefTests.framework */; };
		C2082889EBD56239C02CB2D3 /* Pods_Lafeef_LafeefUITests.framework in Frameworks */ = {isa = PBXBuildFile; fileRef = DD4704DACE68D98C70B7CF71 /* Pods_Lafeef_LafeefUITests.framework */; };
		C9F4B17425BDE90500ADDA6F /* LoginViewController.swift in Sources */ = {isa = PBXBuildFile; fileRef = C9F4B17325BDE90500ADDA6F /* LoginViewController.swift */; };
/* End PBXBuildFile section */

/* Begin PBXContainerItemProxy section */
		4E453A5625B61D5500B8363F /* PBXContainerItemProxy */ = {
			isa = PBXContainerItemProxy;
			containerPortal = 4E453A3625B61D5000B8363F /* Project object */;
			proxyType = 1;
			remoteGlobalIDString = 4E453A3D25B61D5000B8363F;
			remoteInfo = Lafeef;
		};
		4E453A6125B61D5500B8363F /* PBXContainerItemProxy */ = {
			isa = PBXContainerItemProxy;
			containerPortal = 4E453A3625B61D5000B8363F /* Project object */;
			proxyType = 1;
			remoteGlobalIDString = 4E453A3D25B61D5000B8363F;
			remoteInfo = Lafeef;
		};
/* End PBXContainerItemProxy section */

/* Begin PBXFileReference section */
		0012A2D5C7CABC6C1AE985E3 /* Pods-Lafeef.debug.xcconfig */ = {isa = PBXFileReference; includeInIndex = 1; lastKnownFileType = text.xcconfig; name = "Pods-Lafeef.debug.xcconfig"; path = "Target Support Files/Pods-Lafeef/Pods-Lafeef.debug.xcconfig"; sourceTree = "<group>"; };
		0554BA4951BACB4B292657DC /* Pods_LafeefTests.framework */ = {isa = PBXFileReference; explicitFileType = wrapper.framework; includeInIndex = 0; path = Pods_LafeefTests.framework; sourceTree = BUILT_PRODUCTS_DIR; };
		3FD9BE7C1DE628BE933DA62B /* Pods-LafeefTests.release.xcconfig */ = {isa = PBXFileReference; includeInIndex = 1; lastKnownFileType = text.xcconfig; name = "Pods-LafeefTests.release.xcconfig"; path = "Target Support Files/Pods-LafeefTests/Pods-LafeefTests.release.xcconfig"; sourceTree = "<group>"; };
		41BD683D25BABD3B00257EA6 /* GoogleService-Info.plist */ = {isa = PBXFileReference; fileEncoding = 4; lastKnownFileType = text.plist.xml; path = "GoogleService-Info.plist"; sourceTree = "<group>"; };
		4E453A3E25B61D5100B8363F /* Lafeef.app */ = {isa = PBXFileReference; explicitFileType = wrapper.application; includeInIndex = 0; path = Lafeef.app; sourceTree = BUILT_PRODUCTS_DIR; };
		4E453A4125B61D5100B8363F /* AppDelegate.swift */ = {isa = PBXFileReference; lastKnownFileType = sourcecode.swift; path = AppDelegate.swift; sourceTree = "<group>"; };
		4E453A4325B61D5100B8363F /* GameScene.sks */ = {isa = PBXFileReference; lastKnownFileType = file.sks; path = GameScene.sks; sourceTree = "<group>"; };
		4E453A4525B61D5100B8363F /* Actions.sks */ = {isa = PBXFileReference; lastKnownFileType = file.sks; path = Actions.sks; sourceTree = "<group>"; };
		4E453A4725B61D5100B8363F /* GameScene.swift */ = {isa = PBXFileReference; lastKnownFileType = sourcecode.swift; path = GameScene.swift; sourceTree = "<group>"; };
		4E453A4925B61D5100B8363F /* GameViewController.swift */ = {isa = PBXFileReference; lastKnownFileType = sourcecode.swift; path = GameViewController.swift; sourceTree = "<group>"; };
		4E453A4C25B61D5100B8363F /* Base */ = {isa = PBXFileReference; lastKnownFileType = file.storyboard; name = Base; path = Base.lproj/Main.storyboard; sourceTree = "<group>"; };
		4E453A4E25B61D5400B8363F /* Assets.xcassets */ = {isa = PBXFileReference; lastKnownFileType = folder.assetcatalog; path = Assets.xcassets; sourceTree = "<group>"; };
		4E453A5025B61D5400B8363F /* Info.plist */ = {isa = PBXFileReference; lastKnownFileType = text.plist.xml; path = Info.plist; sourceTree = "<group>"; };
		4E453A5525B61D5500B8363F /* LafeefTests.xctest */ = {isa = PBXFileReference; explicitFileType = wrapper.cfbundle; includeInIndex = 0; path = LafeefTests.xctest; sourceTree = BUILT_PRODUCTS_DIR; };
		4E453A5925B61D5500B8363F /* LafeefTests.swift */ = {isa = PBXFileReference; lastKnownFileType = sourcecode.swift; path = LafeefTests.swift; sourceTree = "<group>"; };
		4E453A5B25B61D5500B8363F /* Info.plist */ = {isa = PBXFileReference; lastKnownFileType = text.plist.xml; path = Info.plist; sourceTree = "<group>"; };
		4E453A6025B61D5500B8363F /* LafeefUITests.xctest */ = {isa = PBXFileReference; explicitFileType = wrapper.cfbundle; includeInIndex = 0; path = LafeefUITests.xctest; sourceTree = BUILT_PRODUCTS_DIR; };
		4E453A6425B61D5500B8363F /* LafeefUITests.swift */ = {isa = PBXFileReference; lastKnownFileType = sourcecode.swift; path = LafeefUITests.swift; sourceTree = "<group>"; };
		4E453A6625B61D5500B8363F /* Info.plist */ = {isa = PBXFileReference; lastKnownFileType = text.plist.xml; path = Info.plist; sourceTree = "<group>"; };
		4E53480625BC90B600ACA8BC /* FFHekaya-Light.otf */ = {isa = PBXFileReference; lastKnownFileType = file; path = "FFHekaya-Light.otf"; sourceTree = "<group>"; };
		4EEDE0FF25BCF4A900CA7B9A /* Child.swift */ = {isa = PBXFileReference; lastKnownFileType = sourcecode.swift; path = Child.swift; sourceTree = "<group>"; };
		4EEDE10A25BCFBCB00CA7B9A /* UIViewController.swift */ = {isa = PBXFileReference; lastKnownFileType = sourcecode.swift; path = UIViewController.swift; sourceTree = "<group>"; };
		523A362525BF56B40059C0BC /* ProfileViewController.swift */ = {isa = PBXFileReference; lastKnownFileType = sourcecode.swift; path = ProfileViewController.swift; sourceTree = "<group>"; };
		B1B61265579B4C33852B7EE8 /* Pods_Lafeef.framework */ = {isa = PBXFileReference; explicitFileType = wrapper.framework; includeInIndex = 0; path = Pods_Lafeef.framework; sourceTree = BUILT_PRODUCTS_DIR; };
		C9F4B17325BDE90500ADDA6F /* LoginViewController.swift */ = {isa = PBXFileReference; lastKnownFileType = sourcecode.swift; path = LoginViewController.swift; sourceTree = "<group>"; };
		D15DBE30DFD273AA2B178F61 /* Pods-Lafeef.release.xcconfig */ = {isa = PBXFileReference; includeInIndex = 1; lastKnownFileType = text.xcconfig; name = "Pods-Lafeef.release.xcconfig"; path = "Target Support Files/Pods-Lafeef/Pods-Lafeef.release.xcconfig"; sourceTree = "<group>"; };
		DD4704DACE68D98C70B7CF71 /* Pods_Lafeef_LafeefUITests.framework */ = {isa = PBXFileReference; explicitFileType = wrapper.framework; includeInIndex = 0; path = Pods_Lafeef_LafeefUITests.framework; sourceTree = BUILT_PRODUCTS_DIR; };
		DDAA7982657CAB0C25A34B57 /* Pods-Lafeef-LafeefUITests.release.xcconfig */ = {isa = PBXFileReference; includeInIndex = 1; lastKnownFileType = text.xcconfig; name = "Pods-Lafeef-LafeefUITests.release.xcconfig"; path = "Target Support Files/Pods-Lafeef-LafeefUITests/Pods-Lafeef-LafeefUITests.release.xcconfig"; sourceTree = "<group>"; };
		F112DFAD93A3D56971E79A5A /* Pods-LafeefTests.debug.xcconfig */ = {isa = PBXFileReference; includeInIndex = 1; lastKnownFileType = text.xcconfig; name = "Pods-LafeefTests.debug.xcconfig"; path = "Target Support Files/Pods-LafeefTests/Pods-LafeefTests.debug.xcconfig"; sourceTree = "<group>"; };
		F1CE27FBB0BA65734056313E /* Pods-Lafeef-LafeefUITests.debug.xcconfig */ = {isa = PBXFileReference; includeInIndex = 1; lastKnownFileType = text.xcconfig; name = "Pods-Lafeef-LafeefUITests.debug.xcconfig"; path = "Target Support Files/Pods-Lafeef-LafeefUITests/Pods-Lafeef-LafeefUITests.debug.xcconfig"; sourceTree = "<group>"; };
/* End PBXFileReference section */

/* Begin PBXFrameworksBuildPhase section */
		4E453A3B25B61D5000B8363F /* Frameworks */ = {
			isa = PBXFrameworksBuildPhase;
			buildActionMask = 2147483647;
			files = (
				09F8D59451428576367B7573 /* Pods_Lafeef.framework in Frameworks */,
			);
			runOnlyForDeploymentPostprocessing = 0;
		};
		4E453A5225B61D5500B8363F /* Frameworks */ = {
			isa = PBXFrameworksBuildPhase;
			buildActionMask = 2147483647;
			files = (
				8561D8E2E6CFFD799CD68CC7 /* Pods_LafeefTests.framework in Frameworks */,
			);
			runOnlyForDeploymentPostprocessing = 0;
		};
		4E453A5D25B61D5500B8363F /* Frameworks */ = {
			isa = PBXFrameworksBuildPhase;
			buildActionMask = 2147483647;
			files = (
				C2082889EBD56239C02CB2D3 /* Pods_Lafeef_LafeefUITests.framework in Frameworks */,
			);
			runOnlyForDeploymentPostprocessing = 0;
		};
/* End PBXFrameworksBuildPhase section */

/* Begin PBXGroup section */
		04DDDDE2EBC0F99AC302FD8C /* Pods */ = {
			isa = PBXGroup;
			children = (
				0012A2D5C7CABC6C1AE985E3 /* Pods-Lafeef.debug.xcconfig */,
				D15DBE30DFD273AA2B178F61 /* Pods-Lafeef.release.xcconfig */,
				F1CE27FBB0BA65734056313E /* Pods-Lafeef-LafeefUITests.debug.xcconfig */,
				DDAA7982657CAB0C25A34B57 /* Pods-Lafeef-LafeefUITests.release.xcconfig */,
				F112DFAD93A3D56971E79A5A /* Pods-LafeefTests.debug.xcconfig */,
				3FD9BE7C1DE628BE933DA62B /* Pods-LafeefTests.release.xcconfig */,
			);
			path = Pods;
			sourceTree = "<group>";
		};
		41BD684225BABE7800257EA6 /* Controllers */ = {
			isa = PBXGroup;
			children = (
				523A362525BF56B40059C0BC /* ProfileViewController.swift */,
				C9F4B17325BDE90500ADDA6F /* LoginViewController.swift */,
			);
			path = Controllers;
			sourceTree = "<group>";
		};
		4E453A3525B61D5000B8363F = {
			isa = PBXGroup;
			children = (
				4E453A4025B61D5100B8363F /* Lafeef */,
				4E53480025BC904500ACA8BC /* Fonts */,
				4E453A5825B61D5500B8363F /* LafeefTests */,
				4E453A6325B61D5500B8363F /* LafeefUITests */,
				4E453A3F25B61D5100B8363F /* Products */,
				04DDDDE2EBC0F99AC302FD8C /* Pods */,
				E3CA613ED32609BDDAB603CE /* Frameworks */,
			);
			sourceTree = "<group>";
		};
		4E453A3F25B61D5100B8363F /* Products */ = {
			isa = PBXGroup;
			children = (
				4E453A3E25B61D5100B8363F /* Lafeef.app */,
				4E453A5525B61D5500B8363F /* LafeefTests.xctest */,
				4E453A6025B61D5500B8363F /* LafeefUITests.xctest */,
			);
			name = Products;
			sourceTree = "<group>";
		};
		4E453A4025B61D5100B8363F /* Lafeef */ = {
			isa = PBXGroup;
			children = (
				4E453A4125B61D5100B8363F /* AppDelegate.swift */,
				4E453A4325B61D5100B8363F /* GameScene.sks */,
				4E453A4525B61D5100B8363F /* Actions.sks */,
				4E453A4725B61D5100B8363F /* GameScene.swift */,
				4E453A4925B61D5100B8363F /* GameViewController.swift */,
				4E453A4B25B61D5100B8363F /* Main.storyboard */,
				4E453A4E25B61D5400B8363F /* Assets.xcassets */,
				4EEDE0FA25BCF42600CA7B9A /* Model */,
				41BD684225BABE7800257EA6 /* Controllers */,
				41BD683D25BABD3B00257EA6 /* GoogleService-Info.plist */,
				4E453A5025B61D5400B8363F /* Info.plist */,
			);
			path = Lafeef;
			sourceTree = "<group>";
		};
		4E453A5825B61D5500B8363F /* LafeefTests */ = {
			isa = PBXGroup;
			children = (
				4E453A5925B61D5500B8363F /* LafeefTests.swift */,
				4E453A5B25B61D5500B8363F /* Info.plist */,
			);
			path = LafeefTests;
			sourceTree = "<group>";
		};
		4E453A6325B61D5500B8363F /* LafeefUITests */ = {
			isa = PBXGroup;
			children = (
				4E453A6425B61D5500B8363F /* LafeefUITests.swift */,
				4E453A6625B61D5500B8363F /* Info.plist */,
			);
			path = LafeefUITests;
			sourceTree = "<group>";
		};
		4E53480025BC904500ACA8BC /* Fonts */ = {
			isa = PBXGroup;
			children = (
				4E53480625BC90B600ACA8BC /* FFHekaya-Light.otf */,
			);
			path = Fonts;
			sourceTree = "<group>";
		};
		4EEDE0FA25BCF42600CA7B9A /* Model */ = {
			isa = PBXGroup;
			children = (
				4EEDE0FB25BCF43700CA7B9A /* Extensions */,
				4EEDE0FF25BCF4A900CA7B9A /* Child.swift */,
			);
			path = Model;
			sourceTree = "<group>";
		};
		4EEDE0FB25BCF43700CA7B9A /* Extensions */ = {
			isa = PBXGroup;
			children = (
				4EEDE10A25BCFBCB00CA7B9A /* UIViewController.swift */,
			);
			path = Extensions;
			sourceTree = "<group>";
		};
		E3CA613ED32609BDDAB603CE /* Frameworks */ = {
			isa = PBXGroup;
			children = (
				B1B61265579B4C33852B7EE8 /* Pods_Lafeef.framework */,
				DD4704DACE68D98C70B7CF71 /* Pods_Lafeef_LafeefUITests.framework */,
				0554BA4951BACB4B292657DC /* Pods_LafeefTests.framework */,
			);
			name = Frameworks;
			sourceTree = "<group>";
		};
/* End PBXGroup section */

/* Begin PBXNativeTarget section */
		4E453A3D25B61D5000B8363F /* Lafeef */ = {
			isa = PBXNativeTarget;
			buildConfigurationList = 4E453A6925B61D5500B8363F /* Build configuration list for PBXNativeTarget "Lafeef" */;
			buildPhases = (
				0F4776B2A3E9013FFE63C800 /* [CP] Check Pods Manifest.lock */,
				4E453A3A25B61D5000B8363F /* Sources */,
				4E453A3B25B61D5000B8363F /* Frameworks */,
				4E453A3C25B61D5000B8363F /* Resources */,
				625A64B7788748733D1E9A30 /* [CP] Embed Pods Frameworks */,
				D5219301402CA012900445DC /* [CP] Copy Pods Resources */,
			);
			buildRules = (
			);
			dependencies = (
			);
			name = Lafeef;
			productName = Lafeef;
			productReference = 4E453A3E25B61D5100B8363F /* Lafeef.app */;
			productType = "com.apple.product-type.application";
		};
		4E453A5425B61D5500B8363F /* LafeefTests */ = {
			isa = PBXNativeTarget;
			buildConfigurationList = 4E453A6C25B61D5500B8363F /* Build configuration list for PBXNativeTarget "LafeefTests" */;
			buildPhases = (
				5FE62ABF7917FE3B2B40ADAC /* [CP] Check Pods Manifest.lock */,
				4E453A5125B61D5500B8363F /* Sources */,
				4E453A5225B61D5500B8363F /* Frameworks */,
				4E453A5325B61D5500B8363F /* Resources */,
			);
			buildRules = (
			);
			dependencies = (
				4E453A5725B61D5500B8363F /* PBXTargetDependency */,
			);
			name = LafeefTests;
			productName = LafeefTests;
			productReference = 4E453A5525B61D5500B8363F /* LafeefTests.xctest */;
			productType = "com.apple.product-type.bundle.unit-test";
		};
		4E453A5F25B61D5500B8363F /* LafeefUITests */ = {
			isa = PBXNativeTarget;
			buildConfigurationList = 4E453A6F25B61D5500B8363F /* Build configuration list for PBXNativeTarget "LafeefUITests" */;
			buildPhases = (
				59CFACC285A8B7BD39B2E095 /* [CP] Check Pods Manifest.lock */,
				4E453A5C25B61D5500B8363F /* Sources */,
				4E453A5D25B61D5500B8363F /* Frameworks */,
				4E453A5E25B61D5500B8363F /* Resources */,
				41A035368DB95CB225B3C56E /* [CP] Embed Pods Frameworks */,
				E745FA7A235B161B1FE44C33 /* [CP] Copy Pods Resources */,
			);
			buildRules = (
			);
			dependencies = (
				4E453A6225B61D5500B8363F /* PBXTargetDependency */,
			);
			name = LafeefUITests;
			productName = LafeefUITests;
			productReference = 4E453A6025B61D5500B8363F /* LafeefUITests.xctest */;
			productType = "com.apple.product-type.bundle.ui-testing";
		};
/* End PBXNativeTarget section */

/* Begin PBXProject section */
		4E453A3625B61D5000B8363F /* Project object */ = {
			isa = PBXProject;
			attributes = {
				LastSwiftUpdateCheck = 1230;
				LastUpgradeCheck = 1230;
				TargetAttributes = {
					4E453A3D25B61D5000B8363F = {
						CreatedOnToolsVersion = 12.3;
					};
					4E453A5425B61D5500B8363F = {
						CreatedOnToolsVersion = 12.3;
						TestTargetID = 4E453A3D25B61D5000B8363F;
					};
					4E453A5F25B61D5500B8363F = {
						CreatedOnToolsVersion = 12.3;
						TestTargetID = 4E453A3D25B61D5000B8363F;
					};
				};
			};
			buildConfigurationList = 4E453A3925B61D5000B8363F /* Build configuration list for PBXProject "Lafeef" */;
			compatibilityVersion = "Xcode 9.3";
			developmentRegion = en;
			hasScannedForEncodings = 0;
			knownRegions = (
				en,
				Base,
			);
			mainGroup = 4E453A3525B61D5000B8363F;
			productRefGroup = 4E453A3F25B61D5100B8363F /* Products */;
			projectDirPath = "";
			projectRoot = "";
			targets = (
				4E453A3D25B61D5000B8363F /* Lafeef */,
				4E453A5425B61D5500B8363F /* LafeefTests */,
				4E453A5F25B61D5500B8363F /* LafeefUITests */,
			);
		};
/* End PBXProject section */

/* Begin PBXResourcesBuildPhase section */
		4E453A3C25B61D5000B8363F /* Resources */ = {
			isa = PBXResourcesBuildPhase;
			buildActionMask = 2147483647;
			files = (
				4E453A4D25B61D5100B8363F /* Main.storyboard in Resources */,
				4E53480725BC90B600ACA8BC /* FFHekaya-Light.otf in Resources */,
				4E453A4425B61D5100B8363F /* GameScene.sks in Resources */,
				41BD683E25BABD3B00257EA6 /* GoogleService-Info.plist in Resources */,
				4E453A4F25B61D5400B8363F /* Assets.xcassets in Resources */,
				4E453A4625B61D5100B8363F /* Actions.sks in Resources */,
			);
			runOnlyForDeploymentPostprocessing = 0;
		};
		4E453A5325B61D5500B8363F /* Resources */ = {
			isa = PBXResourcesBuildPhase;
			buildActionMask = 2147483647;
			files = (
				4EEDE0CF25BC94D000CA7B9A /* FFHekaya-Light.otf in Resources */,
			);
			runOnlyForDeploymentPostprocessing = 0;
		};
		4E453A5E25B61D5500B8363F /* Resources */ = {
			isa = PBXResourcesBuildPhase;
			buildActionMask = 2147483647;
			files = (
				4EEDE0D325BC94D100CA7B9A /* FFHekaya-Light.otf in Resources */,
			);
			runOnlyForDeploymentPostprocessing = 0;
		};
/* End PBXResourcesBuildPhase section */

/* Begin PBXShellScriptBuildPhase section */
		0F4776B2A3E9013FFE63C800 /* [CP] Check Pods Manifest.lock */ = {
			isa = PBXShellScriptBuildPhase;
			buildActionMask = 2147483647;
			files = (
			);
			inputFileListPaths = (
			);
			inputPaths = (
				"${PODS_PODFILE_DIR_PATH}/Podfile.lock",
				"${PODS_ROOT}/Manifest.lock",
			);
			name = "[CP] Check Pods Manifest.lock";
			outputFileListPaths = (
			);
			outputPaths = (
				"$(DERIVED_FILE_DIR)/Pods-Lafeef-checkManifestLockResult.txt",
			);
			runOnlyForDeploymentPostprocessing = 0;
			shellPath = /bin/sh;
			shellScript = "diff \"${PODS_PODFILE_DIR_PATH}/Podfile.lock\" \"${PODS_ROOT}/Manifest.lock\" > /dev/null\nif [ $? != 0 ] ; then\n    # print error to STDERR\n    echo \"error: The sandbox is not in sync with the Podfile.lock. Run 'pod install' or update your CocoaPods installation.\" >&2\n    exit 1\nfi\n# This output is used by Xcode 'outputs' to avoid re-running this script phase.\necho \"SUCCESS\" > \"${SCRIPT_OUTPUT_FILE_0}\"\n";
			showEnvVarsInLog = 0;
		};
		41A035368DB95CB225B3C56E /* [CP] Embed Pods Frameworks */ = {
			isa = PBXShellScriptBuildPhase;
			buildActionMask = 2147483647;
			files = (
			);
			inputFileListPaths = (
				"${PODS_ROOT}/Target Support Files/Pods-Lafeef-LafeefUITests/Pods-Lafeef-LafeefUITests-frameworks-${CONFIGURATION}-input-files.xcfilelist",
			);
			name = "[CP] Embed Pods Frameworks";
			outputFileListPaths = (
				"${PODS_ROOT}/Target Support Files/Pods-Lafeef-LafeefUITests/Pods-Lafeef-LafeefUITests-frameworks-${CONFIGURATION}-output-files.xcfilelist",
			);
			runOnlyForDeploymentPostprocessing = 0;
			shellPath = /bin/sh;
			shellScript = "\"${PODS_ROOT}/Target Support Files/Pods-Lafeef-LafeefUITests/Pods-Lafeef-LafeefUITests-frameworks.sh\"\n";
			showEnvVarsInLog = 0;
		};
		59CFACC285A8B7BD39B2E095 /* [CP] Check Pods Manifest.lock */ = {
			isa = PBXShellScriptBuildPhase;
			buildActionMask = 2147483647;
			files = (
			);
			inputFileListPaths = (
			);
			inputPaths = (
				"${PODS_PODFILE_DIR_PATH}/Podfile.lock",
				"${PODS_ROOT}/Manifest.lock",
			);
			name = "[CP] Check Pods Manifest.lock";
			outputFileListPaths = (
			);
			outputPaths = (
				"$(DERIVED_FILE_DIR)/Pods-Lafeef-LafeefUITests-checkManifestLockResult.txt",
			);
			runOnlyForDeploymentPostprocessing = 0;
			shellPath = /bin/sh;
			shellScript = "diff \"${PODS_PODFILE_DIR_PATH}/Podfile.lock\" \"${PODS_ROOT}/Manifest.lock\" > /dev/null\nif [ $? != 0 ] ; then\n    # print error to STDERR\n    echo \"error: The sandbox is not in sync with the Podfile.lock. Run 'pod install' or update your CocoaPods installation.\" >&2\n    exit 1\nfi\n# This output is used by Xcode 'outputs' to avoid re-running this script phase.\necho \"SUCCESS\" > \"${SCRIPT_OUTPUT_FILE_0}\"\n";
			showEnvVarsInLog = 0;
		};
		5FE62ABF7917FE3B2B40ADAC /* [CP] Check Pods Manifest.lock */ = {
			isa = PBXShellScriptBuildPhase;
			buildActionMask = 2147483647;
			files = (
			);
			inputFileListPaths = (
			);
			inputPaths = (
				"${PODS_PODFILE_DIR_PATH}/Podfile.lock",
				"${PODS_ROOT}/Manifest.lock",
			);
			name = "[CP] Check Pods Manifest.lock";
			outputFileListPaths = (
			);
			outputPaths = (
				"$(DERIVED_FILE_DIR)/Pods-LafeefTests-checkManifestLockResult.txt",
			);
			runOnlyForDeploymentPostprocessing = 0;
			shellPath = /bin/sh;
			shellScript = "diff \"${PODS_PODFILE_DIR_PATH}/Podfile.lock\" \"${PODS_ROOT}/Manifest.lock\" > /dev/null\nif [ $? != 0 ] ; then\n    # print error to STDERR\n    echo \"error: The sandbox is not in sync with the Podfile.lock. Run 'pod install' or update your CocoaPods installation.\" >&2\n    exit 1\nfi\n# This output is used by Xcode 'outputs' to avoid re-running this script phase.\necho \"SUCCESS\" > \"${SCRIPT_OUTPUT_FILE_0}\"\n";
			showEnvVarsInLog = 0;
		};
		625A64B7788748733D1E9A30 /* [CP] Embed Pods Frameworks */ = {
			isa = PBXShellScriptBuildPhase;
			buildActionMask = 2147483647;
			files = (
			);
			inputFileListPaths = (
				"${PODS_ROOT}/Target Support Files/Pods-Lafeef/Pods-Lafeef-frameworks-${CONFIGURATION}-input-files.xcfilelist",
			);
			name = "[CP] Embed Pods Frameworks";
			outputFileListPaths = (
				"${PODS_ROOT}/Target Support Files/Pods-Lafeef/Pods-Lafeef-frameworks-${CONFIGURATION}-output-files.xcfilelist",
			);
			runOnlyForDeploymentPostprocessing = 0;
			shellPath = /bin/sh;
			shellScript = "\"${PODS_ROOT}/Target Support Files/Pods-Lafeef/Pods-Lafeef-frameworks.sh\"\n";
			showEnvVarsInLog = 0;
		};
		D5219301402CA012900445DC /* [CP] Copy Pods Resources */ = {
			isa = PBXShellScriptBuildPhase;
			buildActionMask = 2147483647;
			files = (
			);
			inputFileListPaths = (
				"${PODS_ROOT}/Target Support Files/Pods-Lafeef/Pods-Lafeef-resources-${CONFIGURATION}-input-files.xcfilelist",
			);
			name = "[CP] Copy Pods Resources";
			outputFileListPaths = (
				"${PODS_ROOT}/Target Support Files/Pods-Lafeef/Pods-Lafeef-resources-${CONFIGURATION}-output-files.xcfilelist",
			);
			runOnlyForDeploymentPostprocessing = 0;
			shellPath = /bin/sh;
			shellScript = "\"${PODS_ROOT}/Target Support Files/Pods-Lafeef/Pods-Lafeef-resources.sh\"\n";
			showEnvVarsInLog = 0;
		};
		E745FA7A235B161B1FE44C33 /* [CP] Copy Pods Resources */ = {
			isa = PBXShellScriptBuildPhase;
			buildActionMask = 2147483647;
			files = (
			);
			inputFileListPaths = (
				"${PODS_ROOT}/Target Support Files/Pods-Lafeef-LafeefUITests/Pods-Lafeef-LafeefUITests-resources-${CONFIGURATION}-input-files.xcfilelist",
			);
			name = "[CP] Copy Pods Resources";
			outputFileListPaths = (
				"${PODS_ROOT}/Target Support Files/Pods-Lafeef-LafeefUITests/Pods-Lafeef-LafeefUITests-resources-${CONFIGURATION}-output-files.xcfilelist",
			);
			runOnlyForDeploymentPostprocessing = 0;
			shellPath = /bin/sh;
			shellScript = "\"${PODS_ROOT}/Target Support Files/Pods-Lafeef-LafeefUITests/Pods-Lafeef-LafeefUITests-resources.sh\"\n";
			showEnvVarsInLog = 0;
		};
/* End PBXShellScriptBuildPhase section */

/* Begin PBXSourcesBuildPhase section */
		4E453A3A25B61D5000B8363F /* Sources */ = {
			isa = PBXSourcesBuildPhase;
			buildActionMask = 2147483647;
			files = (
				4E453A4825B61D5100B8363F /* GameScene.swift in Sources */,
				4E453A4A25B61D5100B8363F /* GameViewController.swift in Sources */,
				4EEDE10B25BCFBCB00CA7B9A /* UIViewController.swift in Sources */,
				C9F4B17425BDE90500ADDA6F /* LoginViewController.swift in Sources */,
				523A362625BF56B40059C0BC /* ProfileViewController.swift in Sources */,
				4E453A4225B61D5100B8363F /* AppDelegate.swift in Sources */,
				4EEDE10025BCF4A900CA7B9A /* Child.swift in Sources */,
			);
			runOnlyForDeploymentPostprocessing = 0;
		};
		4E453A5125B61D5500B8363F /* Sources */ = {
			isa = PBXSourcesBuildPhase;
			buildActionMask = 2147483647;
			files = (
				4E453A5A25B61D5500B8363F /* LafeefTests.swift in Sources */,
			);
			runOnlyForDeploymentPostprocessing = 0;
		};
		4E453A5C25B61D5500B8363F /* Sources */ = {
			isa = PBXSourcesBuildPhase;
			buildActionMask = 2147483647;
			files = (
				4E453A6525B61D5500B8363F /* LafeefUITests.swift in Sources */,
			);
			runOnlyForDeploymentPostprocessing = 0;
		};
/* End PBXSourcesBuildPhase section */

/* Begin PBXTargetDependency section */
		4E453A5725B61D5500B8363F /* PBXTargetDependency */ = {
			isa = PBXTargetDependency;
			target = 4E453A3D25B61D5000B8363F /* Lafeef */;
			targetProxy = 4E453A5625B61D5500B8363F /* PBXContainerItemProxy */;
		};
		4E453A6225B61D5500B8363F /* PBXTargetDependency */ = {
			isa = PBXTargetDependency;
			target = 4E453A3D25B61D5000B8363F /* Lafeef */;
			targetProxy = 4E453A6125B61D5500B8363F /* PBXContainerItemProxy */;
		};
/* End PBXTargetDependency section */

/* Begin PBXVariantGroup section */
		4E453A4B25B61D5100B8363F /* Main.storyboard */ = {
			isa = PBXVariantGroup;
			children = (
				4E453A4C25B61D5100B8363F /* Base */,
			);
			name = Main.storyboard;
			sourceTree = "<group>";
		};
/* End PBXVariantGroup section */

/* Begin XCBuildConfiguration section */
		4E453A6725B61D5500B8363F /* Debug */ = {
			isa = XCBuildConfiguration;
			buildSettings = {
				ALWAYS_SEARCH_USER_PATHS = NO;
				CLANG_ANALYZER_NONNULL = YES;
				CLANG_ANALYZER_NUMBER_OBJECT_CONVERSION = YES_AGGRESSIVE;
				CLANG_CXX_LANGUAGE_STANDARD = "gnu++14";
				CLANG_CXX_LIBRARY = "libc++";
				CLANG_ENABLE_MODULES = YES;
				CLANG_ENABLE_OBJC_ARC = YES;
				CLANG_ENABLE_OBJC_WEAK = YES;
				CLANG_WARN_BLOCK_CAPTURE_AUTORELEASING = YES;
				CLANG_WARN_BOOL_CONVERSION = YES;
				CLANG_WARN_COMMA = YES;
				CLANG_WARN_CONSTANT_CONVERSION = YES;
				CLANG_WARN_DEPRECATED_OBJC_IMPLEMENTATIONS = YES;
				CLANG_WARN_DIRECT_OBJC_ISA_USAGE = YES_ERROR;
				CLANG_WARN_DOCUMENTATION_COMMENTS = YES;
				CLANG_WARN_EMPTY_BODY = YES;
				CLANG_WARN_ENUM_CONVERSION = YES;
				CLANG_WARN_INFINITE_RECURSION = YES;
				CLANG_WARN_INT_CONVERSION = YES;
				CLANG_WARN_NON_LITERAL_NULL_CONVERSION = YES;
				CLANG_WARN_OBJC_IMPLICIT_RETAIN_SELF = YES;
				CLANG_WARN_OBJC_LITERAL_CONVERSION = YES;
				CLANG_WARN_OBJC_ROOT_CLASS = YES_ERROR;
				CLANG_WARN_QUOTED_INCLUDE_IN_FRAMEWORK_HEADER = YES;
				CLANG_WARN_RANGE_LOOP_ANALYSIS = YES;
				CLANG_WARN_STRICT_PROTOTYPES = YES;
				CLANG_WARN_SUSPICIOUS_MOVE = YES;
				CLANG_WARN_UNGUARDED_AVAILABILITY = YES_AGGRESSIVE;
				CLANG_WARN_UNREACHABLE_CODE = YES;
				CLANG_WARN__DUPLICATE_METHOD_MATCH = YES;
				COPY_PHASE_STRIP = NO;
				DEBUG_INFORMATION_FORMAT = dwarf;
				ENABLE_STRICT_OBJC_MSGSEND = YES;
				ENABLE_TESTABILITY = YES;
				GCC_C_LANGUAGE_STANDARD = gnu11;
				GCC_DYNAMIC_NO_PIC = NO;
				GCC_NO_COMMON_BLOCKS = YES;
				GCC_OPTIMIZATION_LEVEL = 0;
				GCC_PREPROCESSOR_DEFINITIONS = (
					"DEBUG=1",
					"$(inherited)",
				);
				GCC_WARN_64_TO_32_BIT_CONVERSION = YES;
				GCC_WARN_ABOUT_RETURN_TYPE = YES_ERROR;
				GCC_WARN_UNDECLARED_SELECTOR = YES;
				GCC_WARN_UNINITIALIZED_AUTOS = YES_AGGRESSIVE;
				GCC_WARN_UNUSED_FUNCTION = YES;
				GCC_WARN_UNUSED_VARIABLE = YES;
				IPHONEOS_DEPLOYMENT_TARGET = 14.3;
				MTL_ENABLE_DEBUG_INFO = INCLUDE_SOURCE;
				MTL_FAST_MATH = YES;
				ONLY_ACTIVE_ARCH = YES;
				SDKROOT = iphoneos;
				SWIFT_ACTIVE_COMPILATION_CONDITIONS = DEBUG;
				SWIFT_OPTIMIZATION_LEVEL = "-Onone";
			};
			name = Debug;
		};
		4E453A6825B61D5500B8363F /* Release */ = {
			isa = XCBuildConfiguration;
			buildSettings = {
				ALWAYS_SEARCH_USER_PATHS = NO;
				CLANG_ANALYZER_NONNULL = YES;
				CLANG_ANALYZER_NUMBER_OBJECT_CONVERSION = YES_AGGRESSIVE;
				CLANG_CXX_LANGUAGE_STANDARD = "gnu++14";
				CLANG_CXX_LIBRARY = "libc++";
				CLANG_ENABLE_MODULES = YES;
				CLANG_ENABLE_OBJC_ARC = YES;
				CLANG_ENABLE_OBJC_WEAK = YES;
				CLANG_WARN_BLOCK_CAPTURE_AUTORELEASING = YES;
				CLANG_WARN_BOOL_CONVERSION = YES;
				CLANG_WARN_COMMA = YES;
				CLANG_WARN_CONSTANT_CONVERSION = YES;
				CLANG_WARN_DEPRECATED_OBJC_IMPLEMENTATIONS = YES;
				CLANG_WARN_DIRECT_OBJC_ISA_USAGE = YES_ERROR;
				CLANG_WARN_DOCUMENTATION_COMMENTS = YES;
				CLANG_WARN_EMPTY_BODY = YES;
				CLANG_WARN_ENUM_CONVERSION = YES;
				CLANG_WARN_INFINITE_RECURSION = YES;
				CLANG_WARN_INT_CONVERSION = YES;
				CLANG_WARN_NON_LITERAL_NULL_CONVERSION = YES;
				CLANG_WARN_OBJC_IMPLICIT_RETAIN_SELF = YES;
				CLANG_WARN_OBJC_LITERAL_CONVERSION = YES;
				CLANG_WARN_OBJC_ROOT_CLASS = YES_ERROR;
				CLANG_WARN_QUOTED_INCLUDE_IN_FRAMEWORK_HEADER = YES;
				CLANG_WARN_RANGE_LOOP_ANALYSIS = YES;
				CLANG_WARN_STRICT_PROTOTYPES = YES;
				CLANG_WARN_SUSPICIOUS_MOVE = YES;
				CLANG_WARN_UNGUARDED_AVAILABILITY = YES_AGGRESSIVE;
				CLANG_WARN_UNREACHABLE_CODE = YES;
				CLANG_WARN__DUPLICATE_METHOD_MATCH = YES;
				COPY_PHASE_STRIP = NO;
				DEBUG_INFORMATION_FORMAT = "dwarf-with-dsym";
				ENABLE_NS_ASSERTIONS = NO;
				ENABLE_STRICT_OBJC_MSGSEND = YES;
				GCC_C_LANGUAGE_STANDARD = gnu11;
				GCC_NO_COMMON_BLOCKS = YES;
				GCC_WARN_64_TO_32_BIT_CONVERSION = YES;
				GCC_WARN_ABOUT_RETURN_TYPE = YES_ERROR;
				GCC_WARN_UNDECLARED_SELECTOR = YES;
				GCC_WARN_UNINITIALIZED_AUTOS = YES_AGGRESSIVE;
				GCC_WARN_UNUSED_FUNCTION = YES;
				GCC_WARN_UNUSED_VARIABLE = YES;
				IPHONEOS_DEPLOYMENT_TARGET = 14.3;
				MTL_ENABLE_DEBUG_INFO = NO;
				MTL_FAST_MATH = YES;
				SDKROOT = iphoneos;
				SWIFT_COMPILATION_MODE = wholemodule;
				SWIFT_OPTIMIZATION_LEVEL = "-O";
				VALIDATE_PRODUCT = YES;
			};
			name = Release;
		};
		4E453A6A25B61D5500B8363F /* Debug */ = {
			isa = XCBuildConfiguration;
			baseConfigurationReference = 0012A2D5C7CABC6C1AE985E3 /* Pods-Lafeef.debug.xcconfig */;
			buildSettings = {
				ASSETCATALOG_COMPILER_APPICON_NAME = AppIcon;
				ASSETCATALOG_COMPILER_GLOBAL_ACCENT_COLOR_NAME = AccentColor;
				CODE_SIGN_STYLE = Automatic;
				DEVELOPMENT_TEAM = 8WNUZCBQWY;
				INFOPLIST_FILE = Lafeef/Info.plist;
				LD_RUNPATH_SEARCH_PATHS = (
					"$(inherited)",
					"@executable_path/Frameworks",
				);
				PRODUCT_BUNDLE_IDENTIFIER = com.rihammastour.Lafeef;
				PRODUCT_NAME = "$(TARGET_NAME)";
				SWIFT_VERSION = 5.0;
				TARGETED_DEVICE_FAMILY = "1,2";
			};
			name = Debug;
		};
		4E453A6B25B61D5500B8363F /* Release */ = {
			isa = XCBuildConfiguration;
			baseConfigurationReference = D15DBE30DFD273AA2B178F61 /* Pods-Lafeef.release.xcconfig */;
			buildSettings = {
				ASSETCATALOG_COMPILER_APPICON_NAME = AppIcon;
				ASSETCATALOG_COMPILER_GLOBAL_ACCENT_COLOR_NAME = AccentColor;
				CODE_SIGN_STYLE = Automatic;
				DEVELOPMENT_TEAM = 8WNUZCBQWY;
				INFOPLIST_FILE = Lafeef/Info.plist;
				LD_RUNPATH_SEARCH_PATHS = (
					"$(inherited)",
					"@executable_path/Frameworks",
				);
				PRODUCT_BUNDLE_IDENTIFIER = com.rihammastour.Lafeef;
				PRODUCT_NAME = "$(TARGET_NAME)";
				SWIFT_VERSION = 5.0;
				TARGETED_DEVICE_FAMILY = "1,2";
			};
			name = Release;
		};
		4E453A6D25B61D5500B8363F /* Debug */ = {
			isa = XCBuildConfiguration;
			baseConfigurationReference = F112DFAD93A3D56971E79A5A /* Pods-LafeefTests.debug.xcconfig */;
			buildSettings = {
				ALWAYS_EMBED_SWIFT_STANDARD_LIBRARIES = YES;
				BUNDLE_LOADER = "$(TEST_HOST)";
				CODE_SIGN_STYLE = Automatic;
				DEVELOPMENT_TEAM = 8WNUZCBQWY;
				INFOPLIST_FILE = LafeefTests/Info.plist;
				IPHONEOS_DEPLOYMENT_TARGET = 14.3;
				LD_RUNPATH_SEARCH_PATHS = (
					"$(inherited)",
					"@executable_path/Frameworks",
					"@loader_path/Frameworks",
				);
				PRODUCT_BUNDLE_IDENTIFIER = com.rihammastour.LafeefTests;
				PRODUCT_NAME = "$(TARGET_NAME)";
				SWIFT_VERSION = 5.0;
				TARGETED_DEVICE_FAMILY = "1,2";
				TEST_HOST = "$(BUILT_PRODUCTS_DIR)/Lafeef.app/Lafeef";
			};
			name = Debug;
		};
		4E453A6E25B61D5500B8363F /* Release */ = {
			isa = XCBuildConfiguration;
			baseConfigurationReference = 3FD9BE7C1DE628BE933DA62B /* Pods-LafeefTests.release.xcconfig */;
			buildSettings = {
				ALWAYS_EMBED_SWIFT_STANDARD_LIBRARIES = YES;
				BUNDLE_LOADER = "$(TEST_HOST)";
				CODE_SIGN_STYLE = Automatic;
				DEVELOPMENT_TEAM = 8WNUZCBQWY;
				INFOPLIST_FILE = LafeefTests/Info.plist;
				IPHONEOS_DEPLOYMENT_TARGET = 14.3;
				LD_RUNPATH_SEARCH_PATHS = (
					"$(inherited)",
					"@executable_path/Frameworks",
					"@loader_path/Frameworks",
				);
				PRODUCT_BUNDLE_IDENTIFIER = com.rihammastour.LafeefTests;
				PRODUCT_NAME = "$(TARGET_NAME)";
				SWIFT_VERSION = 5.0;
				TARGETED_DEVICE_FAMILY = "1,2";
				TEST_HOST = "$(BUILT_PRODUCTS_DIR)/Lafeef.app/Lafeef";
			};
			name = Release;
		};
		4E453A7025B61D5500B8363F /* Debug */ = {
			isa = XCBuildConfiguration;
			baseConfigurationReference = F1CE27FBB0BA65734056313E /* Pods-Lafeef-LafeefUITests.debug.xcconfig */;
			buildSettings = {
				ALWAYS_EMBED_SWIFT_STANDARD_LIBRARIES = YES;
				CODE_SIGN_STYLE = Automatic;
				DEVELOPMENT_TEAM = 8WNUZCBQWY;
				INFOPLIST_FILE = LafeefUITests/Info.plist;
				LD_RUNPATH_SEARCH_PATHS = (
					"$(inherited)",
					"@executable_path/Frameworks",
					"@loader_path/Frameworks",
				);
				PRODUCT_BUNDLE_IDENTIFIER = com.rihammastour.LafeefUITests;
				PRODUCT_NAME = "$(TARGET_NAME)";
				SWIFT_VERSION = 5.0;
				TARGETED_DEVICE_FAMILY = "1,2";
				TEST_TARGET_NAME = Lafeef;
			};
			name = Debug;
		};
		4E453A7125B61D5500B8363F /* Release */ = {
			isa = XCBuildConfiguration;
			baseConfigurationReference = DDAA7982657CAB0C25A34B57 /* Pods-Lafeef-LafeefUITests.release.xcconfig */;
			buildSettings = {
				ALWAYS_EMBED_SWIFT_STANDARD_LIBRARIES = YES;
				CODE_SIGN_STYLE = Automatic;
				DEVELOPMENT_TEAM = 8WNUZCBQWY;
				INFOPLIST_FILE = LafeefUITests/Info.plist;
				LD_RUNPATH_SEARCH_PATHS = (
					"$(inherited)",
					"@executable_path/Frameworks",
					"@loader_path/Frameworks",
				);
				PRODUCT_BUNDLE_IDENTIFIER = com.rihammastour.LafeefUITests;
				PRODUCT_NAME = "$(TARGET_NAME)";
				SWIFT_VERSION = 5.0;
				TARGETED_DEVICE_FAMILY = "1,2";
				TEST_TARGET_NAME = Lafeef;
			};
			name = Release;
		};
/* End XCBuildConfiguration section */

/* Begin XCConfigurationList section */
		4E453A3925B61D5000B8363F /* Build configuration list for PBXProject "Lafeef" */ = {
			isa = XCConfigurationList;
			buildConfigurations = (
				4E453A6725B61D5500B8363F /* Debug */,
				4E453A6825B61D5500B8363F /* Release */,
			);
			defaultConfigurationIsVisible = 0;
			defaultConfigurationName = Release;
		};
		4E453A6925B61D5500B8363F /* Build configuration list for PBXNativeTarget "Lafeef" */ = {
			isa = XCConfigurationList;
			buildConfigurations = (
				4E453A6A25B61D5500B8363F /* Debug */,
				4E453A6B25B61D5500B8363F /* Release */,
			);
			defaultConfigurationIsVisible = 0;
			defaultConfigurationName = Release;
		};
		4E453A6C25B61D5500B8363F /* Build configuration list for PBXNativeTarget "LafeefTests" */ = {
			isa = XCConfigurationList;
			buildConfigurations = (
				4E453A6D25B61D5500B8363F /* Debug */,
				4E453A6E25B61D5500B8363F /* Release */,
			);
			defaultConfigurationIsVisible = 0;
			defaultConfigurationName = Release;
		};
		4E453A6F25B61D5500B8363F /* Build configuration list for PBXNativeTarget "LafeefUITests" */ = {
			isa = XCConfigurationList;
			buildConfigurations = (
				4E453A7025B61D5500B8363F /* Debug */,
				4E453A7125B61D5500B8363F /* Release */,
			);
			defaultConfigurationIsVisible = 0;
			defaultConfigurationName = Release;
		};
/* End XCConfigurationList section */
	};
	rootObject = 4E453A3625B61D5000B8363F /* Project object */;
}
